// !$*UTF8*$!
{
	archiveVersion = 1;
	classes = {
	};
	objectVersion = 48;
	objects = {

/* Begin PBXBuildFile section */
		6325F69A1F59041600B22DDA /* Gib.swift in Sources */ = {isa = PBXBuildFile; fileRef = 6325F6991F59041600B22DDA /* Gib.swift */; };
		6325F69C1F590B1F00B22DDA /* Classes.swift in Sources */ = {isa = PBXBuildFile; fileRef = 6325F69B1F590B1E00B22DDA /* Classes.swift */; };
		6373FA161F58A661006C20DD /* AppDelegate.swift in Sources */ = {isa = PBXBuildFile; fileRef = 6373FA151F58A661006C20DD /* AppDelegate.swift */; };
		6373FA181F58A661006C20DD /* LaunchScreen.swift in Sources */ = {isa = PBXBuildFile; fileRef = 6373FA171F58A661006C20DD /* LaunchScreen.swift */; };
		6373FA1A1F58A661006C20DD /* SecondViewController.swift in Sources */ = {isa = PBXBuildFile; fileRef = 6373FA191F58A661006C20DD /* SecondViewController.swift */; };
		6373FA1D1F58A661006C20DD /* Main.storyboard in Resources */ = {isa = PBXBuildFile; fileRef = 6373FA1B1F58A661006C20DD /* Main.storyboard */; };
		6373FA1F1F58A661006C20DD /* Assets.xcassets in Resources */ = {isa = PBXBuildFile; fileRef = 6373FA1E1F58A661006C20DD /* Assets.xcassets */; };
		6373FA221F58A661006C20DD /* LaunchScreen.storyboard in Resources */ = {isa = PBXBuildFile; fileRef = 6373FA201F58A661006C20DD /* LaunchScreen.storyboard */; };
		6373FA2D1F58A661006C20DD /* AssignmentsTests.swift in Sources */ = {isa = PBXBuildFile; fileRef = 6373FA2C1F58A661006C20DD /* AssignmentsTests.swift */; };
		6373FA381F58A661006C20DD /* AssignmentsUITests.swift in Sources */ = {isa = PBXBuildFile; fileRef = 6373FA371F58A661006C20DD /* AssignmentsUITests.swift */; };
		63A6564C1F5C7556005734FA /* frmAssignmentList_NewAssignment_NewSubject.swift in Sources */ = {isa = PBXBuildFile; fileRef = 63A6564B1F5C7556005734FA /* frmAssignmentList_NewAssignment_NewSubject.swift */; };
		63B849D61F5E7673005A2A52 /* BetterSegmentedControl.swift in Sources */ = {isa = PBXBuildFile; fileRef = 63B849481F5E760B005A2A52 /* BetterSegmentedControl.swift */; };
		63B849D71F5E7673005A2A52 /* DateCollectionViewCell.swift in Sources */ = {isa = PBXBuildFile; fileRef = 63B8494A1F5E760B005A2A52 /* DateCollectionViewCell.swift */; };
		63B849D81F5E7673005A2A52 /* DateTimePicker.swift in Sources */ = {isa = PBXBuildFile; fileRef = 63B8494B1F5E760B005A2A52 /* DateTimePicker.swift */; };
		63B849D91F5E7673005A2A52 /* StepCollectionViewFlowLayout.swift in Sources */ = {isa = PBXBuildFile; fileRef = 63B8494C1F5E760B005A2A52 /* StepCollectionViewFlowLayout.swift */; };
		63B849DA1F5E7673005A2A52 /* DropDown.h in Sources */ = {isa = PBXBuildFile; fileRef = 63B8494E1F5E760B005A2A52 /* DropDown.h */; };
		63B849DB1F5E7673005A2A52 /* DPDConstants.swift in Sources */ = {isa = PBXBuildFile; fileRef = 63B849501F5E760B005A2A52 /* DPDConstants.swift */; };
		63B849DC1F5E7673005A2A52 /* DPDKeyboardListener.swift in Sources */ = {isa = PBXBuildFile; fileRef = 63B849511F5E760B005A2A52 /* DPDKeyboardListener.swift */; };
		63B849DD1F5E7673005A2A52 /* DPDUIView+Extension.swift in Sources */ = {isa = PBXBuildFile; fileRef = 63B849521F5E760B005A2A52 /* DPDUIView+Extension.swift */; };
		63B849DE1F5E7673005A2A52 /* Info.plist in Sources */ = {isa = PBXBuildFile; fileRef = 63B849531F5E760B005A2A52 /* Info.plist */; };
		63B849DF1F5E7673005A2A52 /* DropDownCell.xib in Sources */ = {isa = PBXBuildFile; fileRef = 63B849551F5E760B005A2A52 /* DropDownCell.xib */; };
		63B849E01F5E7673005A2A52 /* DropDown+Appearance.swift in Sources */ = {isa = PBXBuildFile; fileRef = 63B849571F5E760B005A2A52 /* DropDown+Appearance.swift */; };
		63B849E11F5E7673005A2A52 /* DropDown.swift in Sources */ = {isa = PBXBuildFile; fileRef = 63B849581F5E760B005A2A52 /* DropDown.swift */; };
		63B849E21F5E7673005A2A52 /* DropDownCell.swift in Sources */ = {isa = PBXBuildFile; fileRef = 63B849591F5E760B005A2A52 /* DropDownCell.swift */; };
		63B849E31F5E7673005A2A52 /* CoachMarksViewController.swift in Sources */ = {isa = PBXBuildFile; fileRef = 63B8495D1F5E760B005A2A52 /* CoachMarksViewController.swift */; };
		63B849E41F5E7673005A2A52 /* CoachMark.swift in Sources */ = {isa = PBXBuildFile; fileRef = 63B8495F1F5E760B005A2A52 /* CoachMark.swift */; };
		63B849E51F5E7673005A2A52 /* CoachMarksController.swift in Sources */ = {isa = PBXBuildFile; fileRef = 63B849601F5E760B005A2A52 /* CoachMarksController.swift */; };
		63B849E61F5E7673005A2A52 /* CoachMarksController+Proxy.swift in Sources */ = {isa = PBXBuildFile; fileRef = 63B849621F5E760B005A2A52 /* CoachMarksController+Proxy.swift */; };
		63B849E71F5E7673005A2A52 /* CoachMarkArrowDefaultView.swift in Sources */ = {isa = PBXBuildFile; fileRef = 63B849651F5E760B005A2A52 /* CoachMarkArrowDefaultView.swift */; };
		63B849E81F5E7673005A2A52 /* CoachMarkBodyDefaultView.swift in Sources */ = {isa = PBXBuildFile; fileRef = 63B849661F5E760B005A2A52 /* CoachMarkBodyDefaultView.swift */; };
		63B849E91F5E7673005A2A52 /* CoachMarkSkipDefaultView.swift in Sources */ = {isa = PBXBuildFile; fileRef = 63B849671F5E760B005A2A52 /* CoachMarkSkipDefaultView.swift */; };
		63B849EA1F5E7673005A2A52 /* CoachMarkInnerLayoutHelper.swift in Sources */ = {isa = PBXBuildFile; fileRef = 63B8496A1F5E760B005A2A52 /* CoachMarkInnerLayoutHelper.swift */; };
		63B849EB1F5E7673005A2A52 /* CoachMarkLayoutHelper.swift in Sources */ = {isa = PBXBuildFile; fileRef = 63B8496B1F5E760B005A2A52 /* CoachMarkLayoutHelper.swift */; };
		63B849EC1F5E7673005A2A52 /* CoachMarkPosition.swift in Sources */ = {isa = PBXBuildFile; fileRef = 63B8496D1F5E760B005A2A52 /* CoachMarkPosition.swift */; };
		63B849ED1F5E7673005A2A52 /* UIImage+Bundle.swift in Sources */ = {isa = PBXBuildFile; fileRef = 63B8496F1F5E760B005A2A52 /* UIImage+Bundle.swift */; };
		63B849EE1F5E7673005A2A52 /* UIView+Layout.swift in Sources */ = {isa = PBXBuildFile; fileRef = 63B849701F5E760B005A2A52 /* UIView+Layout.swift */; };
		63B849EF1F5E7673005A2A52 /* CoachMarkBodyDefaultViewHelper.swift in Sources */ = {isa = PBXBuildFile; fileRef = 63B849721F5E760B005A2A52 /* CoachMarkBodyDefaultViewHelper.swift */; };
		63B849F01F5E7673005A2A52 /* CoachMarkHelper.swift in Sources */ = {isa = PBXBuildFile; fileRef = 63B849731F5E760B005A2A52 /* CoachMarkHelper.swift */; };
		63B849F11F5E7673005A2A52 /* CoachMarkArrowOrientation.swift in Sources */ = {isa = PBXBuildFile; fileRef = 63B849751F5E760B005A2A52 /* CoachMarkArrowOrientation.swift */; };
		63B849F21F5E7673005A2A52 /* Instructions.swift in Sources */ = {isa = PBXBuildFile; fileRef = 63B849761F5E760B005A2A52 /* Instructions.swift */; };
		63B849F31F5E7673005A2A52 /* CoachMarkDisplayManager.swift in Sources */ = {isa = PBXBuildFile; fileRef = 63B849791F5E760B005A2A52 /* CoachMarkDisplayManager.swift */; };
		63B849F41F5E7673005A2A52 /* BlurringOverlayStyleManager.swift in Sources */ = {isa = PBXBuildFile; fileRef = 63B8497B1F5E760B005A2A52 /* BlurringOverlayStyleManager.swift */; };
		63B849F51F5E7673005A2A52 /* OverlayStyleManager.swift in Sources */ = {isa = PBXBuildFile; fileRef = 63B8497C1F5E760B005A2A52 /* OverlayStyleManager.swift */; };
		63B849F61F5E7673005A2A52 /* TranslucentOverlayStyleManager.swift in Sources */ = {isa = PBXBuildFile; fileRef = 63B8497D1F5E760B005A2A52 /* TranslucentOverlayStyleManager.swift */; };
		63B849F71F5E7673005A2A52 /* SkipViewDisplayManager.swift in Sources */ = {isa = PBXBuildFile; fileRef = 63B8497E1F5E760B005A2A52 /* SkipViewDisplayManager.swift */; };
		63B849F81F5E7673005A2A52 /* FlowManager.swift in Sources */ = {isa = PBXBuildFile; fileRef = 63B849801F5E760B005A2A52 /* FlowManager.swift */; };
		63B849F91F5E7673005A2A52 /* OverlayManager.swift in Sources */ = {isa = PBXBuildFile; fileRef = 63B849811F5E760B005A2A52 /* OverlayManager.swift */; };
		63B849FA1F5E7673005A2A52 /* CoachMarkViewControllerDelegate.swift in Sources */ = {isa = PBXBuildFile; fileRef = 63B849841F5E760B005A2A52 /* CoachMarkViewControllerDelegate.swift */; };
		63B849FB1F5E7673005A2A52 /* CoachMarkArrowView.swift in Sources */ = {isa = PBXBuildFile; fileRef = 63B849861F5E760B005A2A52 /* CoachMarkArrowView.swift */; };
		63B849FC1F5E7673005A2A52 /* CoachMarkBodyHighlightArrowDelegate.swift in Sources */ = {isa = PBXBuildFile; fileRef = 63B849871F5E760B005A2A52 /* CoachMarkBodyHighlightArrowDelegate.swift */; };
		63B849FD1F5E7673005A2A52 /* CoachMarkBodyView.swift in Sources */ = {isa = PBXBuildFile; fileRef = 63B849881F5E760B005A2A52 /* CoachMarkBodyView.swift */; };
		63B849FE1F5E7673005A2A52 /* CoachMarksControllerDataSource.swift in Sources */ = {isa = PBXBuildFile; fileRef = 63B849891F5E760B005A2A52 /* CoachMarksControllerDataSource.swift */; };
		63B849FF1F5E7673005A2A52 /* CoachMarksControllerDelegate.swift in Sources */ = {isa = PBXBuildFile; fileRef = 63B8498A1F5E760B005A2A52 /* CoachMarksControllerDelegate.swift */; };
		63B84A001F5E7673005A2A52 /* CoachMarkSkipView.swift in Sources */ = {isa = PBXBuildFile; fileRef = 63B8498B1F5E760B005A2A52 /* CoachMarkSkipView.swift */; };
		63B84A011F5E7673005A2A52 /* CoachMarkView.swift in Sources */ = {isa = PBXBuildFile; fileRef = 63B849921F5E760B005A2A52 /* CoachMarkView.swift */; };
		63B84A021F5E7673005A2A52 /* DummyView.swift in Sources */ = {isa = PBXBuildFile; fileRef = 63B849931F5E760B005A2A52 /* DummyView.swift */; };
		63B84A031F5E7673005A2A52 /* InstructionsRootView.swift in Sources */ = {isa = PBXBuildFile; fileRef = 63B849941F5E760B005A2A52 /* InstructionsRootView.swift */; };
		63B84A041F5E7673005A2A52 /* InstructionsWindow.swift in Sources */ = {isa = PBXBuildFile; fileRef = 63B849951F5E760B005A2A52 /* InstructionsWindow.swift */; };
		63B84A051F5E7673005A2A52 /* MaskView.swift in Sources */ = {isa = PBXBuildFile; fileRef = 63B849961F5E760B005A2A52 /* MaskView.swift */; };
		63B84A061F5E7673005A2A52 /* OverlaySnapshotView.swift in Sources */ = {isa = PBXBuildFile; fileRef = 63B849971F5E760B005A2A52 /* OverlaySnapshotView.swift */; };
		63B84A071F5E7673005A2A52 /* OverlayView.swift in Sources */ = {isa = PBXBuildFile; fileRef = 63B849981F5E760B005A2A52 /* OverlayView.swift */; };
		63B84A081F5E7673005A2A52 /* M13Checkbox+IB.swift in Sources */ = {isa = PBXBuildFile; fileRef = 63B8499A1F5E760B005A2A52 /* M13Checkbox+IB.swift */; };
		63B84A091F5E7673005A2A52 /* M13Checkbox.swift in Sources */ = {isa = PBXBuildFile; fileRef = 63B8499B1F5E760B005A2A52 /* M13Checkbox.swift */; };
		63B84A0A1F5E7673005A2A52 /* M13CheckboxAnimationGenerator.swift in Sources */ = {isa = PBXBuildFile; fileRef = 63B8499C1F5E760B005A2A52 /* M13CheckboxAnimationGenerator.swift */; };
		63B84A0B1F5E7673005A2A52 /* M13CheckboxController.swift in Sources */ = {isa = PBXBuildFile; fileRef = 63B8499D1F5E760B005A2A52 /* M13CheckboxController.swift */; };
		63B84A0C1F5E7673005A2A52 /* M13CheckboxGestureRecognizer.swift in Sources */ = {isa = PBXBuildFile; fileRef = 63B8499E1F5E760B005A2A52 /* M13CheckboxGestureRecognizer.swift */; };
		63B84A0D1F5E7673005A2A52 /* M13CheckboxBounceController.swift in Sources */ = {isa = PBXBuildFile; fileRef = 63B849A01F5E760B005A2A52 /* M13CheckboxBounceController.swift */; };
		63B84A0E1F5E7673005A2A52 /* M13CheckboxDotController.swift in Sources */ = {isa = PBXBuildFile; fileRef = 63B849A11F5E760B005A2A52 /* M13CheckboxDotController.swift */; };
		63B84A0F1F5E7673005A2A52 /* M13CheckboxExpandController.swift in Sources */ = {isa = PBXBuildFile; fileRef = 63B849A21F5E760B005A2A52 /* M13CheckboxExpandController.swift */; };
		63B84A101F5E7673005A2A52 /* M13CheckboxFadeController.swift in Sources */ = {isa = PBXBuildFile; fileRef = 63B849A31F5E760B005A2A52 /* M13CheckboxFadeController.swift */; };
		63B84A111F5E7673005A2A52 /* M13CheckboxFillController.swift in Sources */ = {isa = PBXBuildFile; fileRef = 63B849A41F5E760B005A2A52 /* M13CheckboxFillController.swift */; };
		63B84A121F5E7673005A2A52 /* M13CheckboxFlatController.swift in Sources */ = {isa = PBXBuildFile; fileRef = 63B849A51F5E760B005A2A52 /* M13CheckboxFlatController.swift */; };
		63B84A131F5E7673005A2A52 /* M13CheckboxSpiralController.swift in Sources */ = {isa = PBXBuildFile; fileRef = 63B849A61F5E760B005A2A52 /* M13CheckboxSpiralController.swift */; };
		63B84A141F5E7673005A2A52 /* M13CheckboxStrokeController.swift in Sources */ = {isa = PBXBuildFile; fileRef = 63B849A71F5E760B005A2A52 /* M13CheckboxStrokeController.swift */; };
		63B84A151F5E7673005A2A52 /* M13CheckboxAddRemovePathGenerator.swift in Sources */ = {isa = PBXBuildFile; fileRef = 63B849A91F5E760B005A2A52 /* M13CheckboxAddRemovePathGenerator.swift */; };
		63B84A161F5E7673005A2A52 /* M13CheckboxCheckPathGenerator.swift in Sources */ = {isa = PBXBuildFile; fileRef = 63B849AA1F5E760B005A2A52 /* M13CheckboxCheckPathGenerator.swift */; };
		63B84A171F5E7673005A2A52 /* M13CheckboxDisclosurePathGenerator.swift in Sources */ = {isa = PBXBuildFile; fileRef = 63B849AB1F5E760B005A2A52 /* M13CheckboxDisclosurePathGenerator.swift */; };
		63B84A181F5E7673005A2A52 /* M13CheckboxPathGenerator.swift in Sources */ = {isa = PBXBuildFile; fileRef = 63B849AC1F5E760B005A2A52 /* M13CheckboxPathGenerator.swift */; };
		63B84A191F5E7673005A2A52 /* M13CheckboxRadioPathGenerator.swift in Sources */ = {isa = PBXBuildFile; fileRef = 63B849AD1F5E760B005A2A52 /* M13CheckboxRadioPathGenerator.swift */; };
		63B84A1A1F5E7673005A2A52 /* AlertViewController.swift in Sources */ = {isa = PBXBuildFile; fileRef = 63B849AF1F5E760B005A2A52 /* AlertViewController.swift */; };
		63B84A1B1F5E7673005A2A52 /* AlertViewController.xib in Sources */ = {isa = PBXBuildFile; fileRef = 63B849B01F5E760B005A2A52 /* AlertViewController.xib */; };
		63B84A1C1F5E7673005A2A52 /* BackgroundView.swift in Sources */ = {isa = PBXBuildFile; fileRef = 63B849B11F5E760B005A2A52 /* BackgroundView.swift */; };
		63B84A1D1F5E7673005A2A52 /* CoverHorizontalAnimation.swift in Sources */ = {isa = PBXBuildFile; fileRef = 63B849B21F5E760B005A2A52 /* CoverHorizontalAnimation.swift */; };
		63B84A1E1F5E7673005A2A52 /* CoverVerticalAnimation.swift in Sources */ = {isa = PBXBuildFile; fileRef = 63B849B31F5E760B005A2A52 /* CoverVerticalAnimation.swift */; };
		63B84A1F1F5E7673005A2A52 /* CoverVerticalFromTopAnimation.swift in Sources */ = {isa = PBXBuildFile; fileRef = 63B849B41F5E760B005A2A52 /* CoverVerticalFromTopAnimation.swift */; };
		63B84A201F5E7673005A2A52 /* CrossDissolveAnimation.swift in Sources */ = {isa = PBXBuildFile; fileRef = 63B849B51F5E760B005A2A52 /* CrossDissolveAnimation.swift */; };
		63B84A211F5E7673005A2A52 /* Info.plist in Sources */ = {isa = PBXBuildFile; fileRef = 63B849B61F5E760B005A2A52 /* Info.plist */; };
		63B84A221F5E7673005A2A52 /* KeyboardTranslation.swift in Sources */ = {isa = PBXBuildFile; fileRef = 63B849B71F5E760B005A2A52 /* KeyboardTranslation.swift */; };
		63B84A231F5E7673005A2A52 /* ModalCenterPosition.swift in Sources */ = {isa = PBXBuildFile; fileRef = 63B849B81F5E760B005A2A52 /* ModalCenterPosition.swift */; };
		63B84A241F5E7673005A2A52 /* ModalSize.swift in Sources */ = {isa = PBXBuildFile; fileRef = 63B849B91F5E760B005A2A52 /* ModalSize.swift */; };
		63B84A251F5E7673005A2A52 /* Montserrat-Regular.ttf in Sources */ = {isa = PBXBuildFile; fileRef = 63B849BA1F5E760B005A2A52 /* Montserrat-Regular.ttf */; };
		63B84A261F5E7673005A2A52 /* PresentationType.swift in Sources */ = {isa = PBXBuildFile; fileRef = 63B849BB1F5E760B005A2A52 /* PresentationType.swift */; };
		63B84A271F5E7673005A2A52 /* Presentr+Equatable.swift in Sources */ = {isa = PBXBuildFile; fileRef = 63B849BC1F5E760B005A2A52 /* Presentr+Equatable.swift */; };
		63B84A281F5E7673005A2A52 /* Presentr.h in Sources */ = {isa = PBXBuildFile; fileRef = 63B849BD1F5E760B005A2A52 /* Presentr.h */; };
		63B84A291F5E7673005A2A52 /* Presentr.swift in Sources */ = {isa = PBXBuildFile; fileRef = 63B849BE1F5E760B005A2A52 /* Presentr.swift */; };
		63B84A2A1F5E7673005A2A52 /* PresentrAnimation.swift in Sources */ = {isa = PBXBuildFile; fileRef = 63B849BF1F5E760B005A2A52 /* PresentrAnimation.swift */; };
		63B84A2B1F5E7673005A2A52 /* PresentrController.swift in Sources */ = {isa = PBXBuildFile; fileRef = 63B849C01F5E760B005A2A52 /* PresentrController.swift */; };
		63B84A2C1F5E7673005A2A52 /* PresentrShadow.swift in Sources */ = {isa = PBXBuildFile; fileRef = 63B849C11F5E760B005A2A52 /* PresentrShadow.swift */; };
		63B84A2D1F5E7673005A2A52 /* SourceSansPro-Regular.ttf in Sources */ = {isa = PBXBuildFile; fileRef = 63B849C21F5E760B005A2A52 /* SourceSansPro-Regular.ttf */; };
		63B84A2E1F5E7673005A2A52 /* TransitionType.swift in Sources */ = {isa = PBXBuildFile; fileRef = 63B849C31F5E760B005A2A52 /* TransitionType.swift */; };
		63B84A2F1F5E7673005A2A52 /* ColorDefinition.swift in Sources */ = {isa = PBXBuildFile; fileRef = 63B849C51F5E760B005A2A52 /* ColorDefinition.swift */; };
		63B84A301F5E7673005A2A52 /* Hue.swift in Sources */ = {isa = PBXBuildFile; fileRef = 63B849C61F5E760B005A2A52 /* Hue.swift */; };
		63B84A311F5E7673005A2A52 /* Info.plist in Sources */ = {isa = PBXBuildFile; fileRef = 63B849C71F5E760B005A2A52 /* Info.plist */; };
		63B84A321F5E7673005A2A52 /* Luminosity.swift in Sources */ = {isa = PBXBuildFile; fileRef = 63B849C81F5E760B005A2A52 /* Luminosity.swift */; };
		63B84A331F5E7673005A2A52 /* RandomColor.h in Sources */ = {isa = PBXBuildFile; fileRef = 63B849C91F5E760B005A2A52 /* RandomColor.h */; };
		63B84A341F5E7673005A2A52 /* RandomColor.swift in Sources */ = {isa = PBXBuildFile; fileRef = 63B849CA1F5E760B005A2A52 /* RandomColor.swift */; };
		63B84A351F5E7673005A2A52 /* SevenSwitch.swift in Sources */ = {isa = PBXBuildFile; fileRef = 63B849CB1F5E760B005A2A52 /* SevenSwitch.swift */; };
		63B84A361F5E7673005A2A52 /* SkyFloatingLabelTextFieldWithIcon.swift in Sources */ = {isa = PBXBuildFile; fileRef = 63B849CD1F5E760B005A2A52 /* SkyFloatingLabelTextFieldWithIcon.swift */; };
		63B84A371F5E7673005A2A52 /* UITextField+fixCaretPosition.swift in Sources */ = {isa = PBXBuildFile; fileRef = 63B849CE1F5E760B005A2A52 /* UITextField+fixCaretPosition.swift */; };
		63B84A381F5E7673005A2A52 /* SkyFloatingLabelTextField.swift in Sources */ = {isa = PBXBuildFile; fileRef = 63B849CF1F5E760B005A2A52 /* SkyFloatingLabelTextField.swift */; };
		63B84A391F5E7673005A2A52 /* Date+Timepiece.swift in Sources */ = {isa = PBXBuildFile; fileRef = 63B849D11F5E760B005A2A52 /* Date+Timepiece.swift */; };
		63B84A3A1F5E7673005A2A52 /* DateComponents+Timepiece.swift in Sources */ = {isa = PBXBuildFile; fileRef = 63B849D21F5E760B005A2A52 /* DateComponents+Timepiece.swift */; };
		63B84A3B1F5E7673005A2A52 /* Int+Timepiece.swift in Sources */ = {isa = PBXBuildFile; fileRef = 63B849D31F5E760B005A2A52 /* Int+Timepiece.swift */; };
		63B84A3C1F5E7673005A2A52 /* String+Timepiece.swift in Sources */ = {isa = PBXBuildFile; fileRef = 63B849D41F5E760B005A2A52 /* String+Timepiece.swift */; };
		63B84A3D1F5E7673005A2A52 /* ZFRippleButton.swift in Sources */ = {isa = PBXBuildFile; fileRef = 63B849D51F5E760B005A2A52 /* ZFRippleButton.swift */; };
		63FE4DBC1F591B2900077579 /* frmAssignmentList.swift in Sources */ = {isa = PBXBuildFile; fileRef = 63FE4DBB1F591B2900077579 /* frmAssignmentList.swift */; };
		63FE4DBE1F591BCE00077579 /* frmAssignmentList_tblAssignment_Cell.swift in Sources */ = {isa = PBXBuildFile; fileRef = 63FE4DBD1F591BCE00077579 /* frmAssignmentList_tblAssignment_Cell.swift */; };
		63FE4DC01F591D5600077579 /* frmAssignmentList_NewAssignment.swift in Sources */ = {isa = PBXBuildFile; fileRef = 63FE4DBF1F591D5600077579 /* frmAssignmentList_NewAssignment.swift */; };
/* End PBXBuildFile section */

/* Begin PBXContainerItemProxy section */
		6373FA291F58A661006C20DD /* PBXContainerItemProxy */ = {
			isa = PBXContainerItemProxy;
			containerPortal = 6373FA0A1F58A661006C20DD /* Project object */;
			proxyType = 1;
			remoteGlobalIDString = 6373FA111F58A661006C20DD;
			remoteInfo = Assignments;
		};
		6373FA341F58A661006C20DD /* PBXContainerItemProxy */ = {
			isa = PBXContainerItemProxy;
			containerPortal = 6373FA0A1F58A661006C20DD /* Project object */;
			proxyType = 1;
			remoteGlobalIDString = 6373FA111F58A661006C20DD;
			remoteInfo = Assignments;
		};
/* End PBXContainerItemProxy section */

/* Begin PBXCopyFilesBuildPhase section */
		63376FC81F5D0D6F00E17C0E /* Embed Frameworks */ = {
			isa = PBXCopyFilesBuildPhase;
			buildActionMask = 8;
			dstPath = "";
			dstSubfolderSpec = 10;
			files = (
			);
			name = "Embed Frameworks";
			runOnlyForDeploymentPostprocessing = 1;
		};
/* End PBXCopyFilesBuildPhase section */

/* Begin PBXFileReference section */
		6325F6991F59041600B22DDA /* Gib.swift */ = {isa = PBXFileReference; lastKnownFileType = sourcecode.swift; path = Gib.swift; sourceTree = "<group>"; };
		6325F69B1F590B1E00B22DDA /* Classes.swift */ = {isa = PBXFileReference; lastKnownFileType = sourcecode.swift; path = Classes.swift; sourceTree = "<group>"; };
		6373FA121F58A661006C20DD /* Assignments.app */ = {isa = PBXFileReference; explicitFileType = wrapper.application; includeInIndex = 0; path = Assignments.app; sourceTree = BUILT_PRODUCTS_DIR; };
		6373FA151F58A661006C20DD /* AppDelegate.swift */ = {isa = PBXFileReference; lastKnownFileType = sourcecode.swift; path = AppDelegate.swift; sourceTree = "<group>"; };
		6373FA171F58A661006C20DD /* LaunchScreen.swift */ = {isa = PBXFileReference; lastKnownFileType = sourcecode.swift; path = LaunchScreen.swift; sourceTree = "<group>"; };
		6373FA191F58A661006C20DD /* SecondViewController.swift */ = {isa = PBXFileReference; lastKnownFileType = sourcecode.swift; path = SecondViewController.swift; sourceTree = "<group>"; };
		6373FA1C1F58A661006C20DD /* Base */ = {isa = PBXFileReference; lastKnownFileType = file.storyboard; name = Base; path = Base.lproj/Main.storyboard; sourceTree = "<group>"; };
		6373FA1E1F58A661006C20DD /* Assets.xcassets */ = {isa = PBXFileReference; lastKnownFileType = folder.assetcatalog; path = Assets.xcassets; sourceTree = "<group>"; };
		6373FA211F58A661006C20DD /* Base */ = {isa = PBXFileReference; lastKnownFileType = file.storyboard; name = Base; path = Base.lproj/LaunchScreen.storyboard; sourceTree = "<group>"; };
		6373FA231F58A661006C20DD /* Info.plist */ = {isa = PBXFileReference; lastKnownFileType = text.plist.xml; path = Info.plist; sourceTree = "<group>"; };
		6373FA281F58A661006C20DD /* AssignmentsTests.xctest */ = {isa = PBXFileReference; explicitFileType = wrapper.cfbundle; includeInIndex = 0; path = AssignmentsTests.xctest; sourceTree = BUILT_PRODUCTS_DIR; };
		6373FA2C1F58A661006C20DD /* AssignmentsTests.swift */ = {isa = PBXFileReference; lastKnownFileType = sourcecode.swift; path = AssignmentsTests.swift; sourceTree = "<group>"; };
		6373FA2E1F58A661006C20DD /* Info.plist */ = {isa = PBXFileReference; lastKnownFileType = text.plist.xml; path = Info.plist; sourceTree = "<group>"; };
		6373FA331F58A661006C20DD /* AssignmentsUITests.xctest */ = {isa = PBXFileReference; explicitFileType = wrapper.cfbundle; includeInIndex = 0; path = AssignmentsUITests.xctest; sourceTree = BUILT_PRODUCTS_DIR; };
		6373FA371F58A661006C20DD /* AssignmentsUITests.swift */ = {isa = PBXFileReference; lastKnownFileType = sourcecode.swift; path = AssignmentsUITests.swift; sourceTree = "<group>"; };
		6373FA391F58A661006C20DD /* Info.plist */ = {isa = PBXFileReference; lastKnownFileType = text.plist.xml; path = Info.plist; sourceTree = "<group>"; };
		63A6564B1F5C7556005734FA /* frmAssignmentList_NewAssignment_NewSubject.swift */ = {isa = PBXFileReference; lastKnownFileType = sourcecode.swift; path = frmAssignmentList_NewAssignment_NewSubject.swift; sourceTree = "<group>"; };
		63B849481F5E760B005A2A52 /* BetterSegmentedControl.swift */ = {isa = PBXFileReference; lastKnownFileType = sourcecode.swift; path = BetterSegmentedControl.swift; sourceTree = "<group>"; };
		63B8494A1F5E760B005A2A52 /* DateCollectionViewCell.swift */ = {isa = PBXFileReference; lastKnownFileType = sourcecode.swift; path = DateCollectionViewCell.swift; sourceTree = "<group>"; };
		63B8494B1F5E760B005A2A52 /* DateTimePicker.swift */ = {isa = PBXFileReference; lastKnownFileType = sourcecode.swift; path = DateTimePicker.swift; sourceTree = "<group>"; };
		63B8494C1F5E760B005A2A52 /* StepCollectionViewFlowLayout.swift */ = {isa = PBXFileReference; lastKnownFileType = sourcecode.swift; path = StepCollectionViewFlowLayout.swift; sourceTree = "<group>"; };
		63B8494E1F5E760B005A2A52 /* DropDown.h */ = {isa = PBXFileReference; lastKnownFileType = sourcecode.c.h; path = DropDown.h; sourceTree = "<group>"; };
		63B849501F5E760B005A2A52 /* DPDConstants.swift */ = {isa = PBXFileReference; lastKnownFileType = sourcecode.swift; path = DPDConstants.swift; sourceTree = "<group>"; };
		63B849511F5E760B005A2A52 /* DPDKeyboardListener.swift */ = {isa = PBXFileReference; lastKnownFileType = sourcecode.swift; path = DPDKeyboardListener.swift; sourceTree = "<group>"; };
		63B849521F5E760B005A2A52 /* DPDUIView+Extension.swift */ = {isa = PBXFileReference; lastKnownFileType = sourcecode.swift; path = "DPDUIView+Extension.swift"; sourceTree = "<group>"; };
		63B849531F5E760B005A2A52 /* Info.plist */ = {isa = PBXFileReference; lastKnownFileType = text.plist.xml; path = Info.plist; sourceTree = "<group>"; };
		63B849551F5E760B005A2A52 /* DropDownCell.xib */ = {isa = PBXFileReference; lastKnownFileType = file.xib; path = DropDownCell.xib; sourceTree = "<group>"; };
		63B849571F5E760B005A2A52 /* DropDown+Appearance.swift */ = {isa = PBXFileReference; lastKnownFileType = sourcecode.swift; path = "DropDown+Appearance.swift"; sourceTree = "<group>"; };
		63B849581F5E760B005A2A52 /* DropDown.swift */ = {isa = PBXFileReference; lastKnownFileType = sourcecode.swift; path = DropDown.swift; sourceTree = "<group>"; };
		63B849591F5E760B005A2A52 /* DropDownCell.swift */ = {isa = PBXFileReference; lastKnownFileType = sourcecode.swift; path = DropDownCell.swift; sourceTree = "<group>"; };
		63B8495D1F5E760B005A2A52 /* CoachMarksViewController.swift */ = {isa = PBXFileReference; lastKnownFileType = sourcecode.swift; path = CoachMarksViewController.swift; sourceTree = "<group>"; };
		63B8495F1F5E760B005A2A52 /* CoachMark.swift */ = {isa = PBXFileReference; lastKnownFileType = sourcecode.swift; path = CoachMark.swift; sourceTree = "<group>"; };
		63B849601F5E760B005A2A52 /* CoachMarksController.swift */ = {isa = PBXFileReference; lastKnownFileType = sourcecode.swift; path = CoachMarksController.swift; sourceTree = "<group>"; };
		63B849621F5E760B005A2A52 /* CoachMarksController+Proxy.swift */ = {isa = PBXFileReference; lastKnownFileType = sourcecode.swift; path = "CoachMarksController+Proxy.swift"; sourceTree = "<group>"; };
		63B849651F5E760B005A2A52 /* CoachMarkArrowDefaultView.swift */ = {isa = PBXFileReference; lastKnownFileType = sourcecode.swift; path = CoachMarkArrowDefaultView.swift; sourceTree = "<group>"; };
		63B849661F5E760B005A2A52 /* CoachMarkBodyDefaultView.swift */ = {isa = PBXFileReference; lastKnownFileType = sourcecode.swift; path = CoachMarkBodyDefaultView.swift; sourceTree = "<group>"; };
		63B849671F5E760B005A2A52 /* CoachMarkSkipDefaultView.swift */ = {isa = PBXFileReference; lastKnownFileType = sourcecode.swift; path = CoachMarkSkipDefaultView.swift; sourceTree = "<group>"; };
		63B8496A1F5E760B005A2A52 /* CoachMarkInnerLayoutHelper.swift */ = {isa = PBXFileReference; lastKnownFileType = sourcecode.swift; path = CoachMarkInnerLayoutHelper.swift; sourceTree = "<group>"; };
		63B8496B1F5E760B005A2A52 /* CoachMarkLayoutHelper.swift */ = {isa = PBXFileReference; lastKnownFileType = sourcecode.swift; path = CoachMarkLayoutHelper.swift; sourceTree = "<group>"; };
		63B8496D1F5E760B005A2A52 /* CoachMarkPosition.swift */ = {isa = PBXFileReference; lastKnownFileType = sourcecode.swift; path = CoachMarkPosition.swift; sourceTree = "<group>"; };
		63B8496F1F5E760B005A2A52 /* UIImage+Bundle.swift */ = {isa = PBXFileReference; lastKnownFileType = sourcecode.swift; path = "UIImage+Bundle.swift"; sourceTree = "<group>"; };
		63B849701F5E760B005A2A52 /* UIView+Layout.swift */ = {isa = PBXFileReference; lastKnownFileType = sourcecode.swift; path = "UIView+Layout.swift"; sourceTree = "<group>"; };
		63B849721F5E760B005A2A52 /* CoachMarkBodyDefaultViewHelper.swift */ = {isa = PBXFileReference; lastKnownFileType = sourcecode.swift; path = CoachMarkBodyDefaultViewHelper.swift; sourceTree = "<group>"; };
		63B849731F5E760B005A2A52 /* CoachMarkHelper.swift */ = {isa = PBXFileReference; lastKnownFileType = sourcecode.swift; path = CoachMarkHelper.swift; sourceTree = "<group>"; };
		63B849751F5E760B005A2A52 /* CoachMarkArrowOrientation.swift */ = {isa = PBXFileReference; lastKnownFileType = sourcecode.swift; path = CoachMarkArrowOrientation.swift; sourceTree = "<group>"; };
		63B849761F5E760B005A2A52 /* Instructions.swift */ = {isa = PBXFileReference; lastKnownFileType = sourcecode.swift; path = Instructions.swift; sourceTree = "<group>"; };
		63B849791F5E760B005A2A52 /* CoachMarkDisplayManager.swift */ = {isa = PBXFileReference; lastKnownFileType = sourcecode.swift; path = CoachMarkDisplayManager.swift; sourceTree = "<group>"; };
		63B8497B1F5E760B005A2A52 /* BlurringOverlayStyleManager.swift */ = {isa = PBXFileReference; lastKnownFileType = sourcecode.swift; path = BlurringOverlayStyleManager.swift; sourceTree = "<group>"; };
		63B8497C1F5E760B005A2A52 /* OverlayStyleManager.swift */ = {isa = PBXFileReference; lastKnownFileType = sourcecode.swift; path = OverlayStyleManager.swift; sourceTree = "<group>"; };
		63B8497D1F5E760B005A2A52 /* TranslucentOverlayStyleManager.swift */ = {isa = PBXFileReference; lastKnownFileType = sourcecode.swift; path = TranslucentOverlayStyleManager.swift; sourceTree = "<group>"; };
		63B8497E1F5E760B005A2A52 /* SkipViewDisplayManager.swift */ = {isa = PBXFileReference; lastKnownFileType = sourcecode.swift; path = SkipViewDisplayManager.swift; sourceTree = "<group>"; };
		63B849801F5E760B005A2A52 /* FlowManager.swift */ = {isa = PBXFileReference; lastKnownFileType = sourcecode.swift; path = FlowManager.swift; sourceTree = "<group>"; };
		63B849811F5E760B005A2A52 /* OverlayManager.swift */ = {isa = PBXFileReference; lastKnownFileType = sourcecode.swift; path = OverlayManager.swift; sourceTree = "<group>"; };
		63B849841F5E760B005A2A52 /* CoachMarkViewControllerDelegate.swift */ = {isa = PBXFileReference; lastKnownFileType = sourcecode.swift; path = CoachMarkViewControllerDelegate.swift; sourceTree = "<group>"; };
		63B849861F5E760B005A2A52 /* CoachMarkArrowView.swift */ = {isa = PBXFileReference; lastKnownFileType = sourcecode.swift; path = CoachMarkArrowView.swift; sourceTree = "<group>"; };
		63B849871F5E760B005A2A52 /* CoachMarkBodyHighlightArrowDelegate.swift */ = {isa = PBXFileReference; lastKnownFileType = sourcecode.swift; path = CoachMarkBodyHighlightArrowDelegate.swift; sourceTree = "<group>"; };
		63B849881F5E760B005A2A52 /* CoachMarkBodyView.swift */ = {isa = PBXFileReference; lastKnownFileType = sourcecode.swift; path = CoachMarkBodyView.swift; sourceTree = "<group>"; };
		63B849891F5E760B005A2A52 /* CoachMarksControllerDataSource.swift */ = {isa = PBXFileReference; lastKnownFileType = sourcecode.swift; path = CoachMarksControllerDataSource.swift; sourceTree = "<group>"; };
		63B8498A1F5E760B005A2A52 /* CoachMarksControllerDelegate.swift */ = {isa = PBXFileReference; lastKnownFileType = sourcecode.swift; path = CoachMarksControllerDelegate.swift; sourceTree = "<group>"; };
		63B8498B1F5E760B005A2A52 /* CoachMarkSkipView.swift */ = {isa = PBXFileReference; lastKnownFileType = sourcecode.swift; path = CoachMarkSkipView.swift; sourceTree = "<group>"; };
		63B849921F5E760B005A2A52 /* CoachMarkView.swift */ = {isa = PBXFileReference; lastKnownFileType = sourcecode.swift; path = CoachMarkView.swift; sourceTree = "<group>"; };
		63B849931F5E760B005A2A52 /* DummyView.swift */ = {isa = PBXFileReference; lastKnownFileType = sourcecode.swift; path = DummyView.swift; sourceTree = "<group>"; };
		63B849941F5E760B005A2A52 /* InstructionsRootView.swift */ = {isa = PBXFileReference; lastKnownFileType = sourcecode.swift; path = InstructionsRootView.swift; sourceTree = "<group>"; };
		63B849951F5E760B005A2A52 /* InstructionsWindow.swift */ = {isa = PBXFileReference; lastKnownFileType = sourcecode.swift; path = InstructionsWindow.swift; sourceTree = "<group>"; };
		63B849961F5E760B005A2A52 /* MaskView.swift */ = {isa = PBXFileReference; lastKnownFileType = sourcecode.swift; path = MaskView.swift; sourceTree = "<group>"; };
		63B849971F5E760B005A2A52 /* OverlaySnapshotView.swift */ = {isa = PBXFileReference; lastKnownFileType = sourcecode.swift; path = OverlaySnapshotView.swift; sourceTree = "<group>"; };
		63B849981F5E760B005A2A52 /* OverlayView.swift */ = {isa = PBXFileReference; lastKnownFileType = sourcecode.swift; path = OverlayView.swift; sourceTree = "<group>"; };
		63B8499A1F5E760B005A2A52 /* M13Checkbox+IB.swift */ = {isa = PBXFileReference; lastKnownFileType = sourcecode.swift; path = "M13Checkbox+IB.swift"; sourceTree = "<group>"; };
		63B8499B1F5E760B005A2A52 /* M13Checkbox.swift */ = {isa = PBXFileReference; lastKnownFileType = sourcecode.swift; path = M13Checkbox.swift; sourceTree = "<group>"; };
		63B8499C1F5E760B005A2A52 /* M13CheckboxAnimationGenerator.swift */ = {isa = PBXFileReference; lastKnownFileType = sourcecode.swift; path = M13CheckboxAnimationGenerator.swift; sourceTree = "<group>"; };
		63B8499D1F5E760B005A2A52 /* M13CheckboxController.swift */ = {isa = PBXFileReference; lastKnownFileType = sourcecode.swift; path = M13CheckboxController.swift; sourceTree = "<group>"; };
		63B8499E1F5E760B005A2A52 /* M13CheckboxGestureRecognizer.swift */ = {isa = PBXFileReference; lastKnownFileType = sourcecode.swift; path = M13CheckboxGestureRecognizer.swift; sourceTree = "<group>"; };
		63B849A01F5E760B005A2A52 /* M13CheckboxBounceController.swift */ = {isa = PBXFileReference; lastKnownFileType = sourcecode.swift; path = M13CheckboxBounceController.swift; sourceTree = "<group>"; };
		63B849A11F5E760B005A2A52 /* M13CheckboxDotController.swift */ = {isa = PBXFileReference; lastKnownFileType = sourcecode.swift; path = M13CheckboxDotController.swift; sourceTree = "<group>"; };
		63B849A21F5E760B005A2A52 /* M13CheckboxExpandController.swift */ = {isa = PBXFileReference; lastKnownFileType = sourcecode.swift; path = M13CheckboxExpandController.swift; sourceTree = "<group>"; };
		63B849A31F5E760B005A2A52 /* M13CheckboxFadeController.swift */ = {isa = PBXFileReference; lastKnownFileType = sourcecode.swift; path = M13CheckboxFadeController.swift; sourceTree = "<group>"; };
		63B849A41F5E760B005A2A52 /* M13CheckboxFillController.swift */ = {isa = PBXFileReference; lastKnownFileType = sourcecode.swift; path = M13CheckboxFillController.swift; sourceTree = "<group>"; };
		63B849A51F5E760B005A2A52 /* M13CheckboxFlatController.swift */ = {isa = PBXFileReference; lastKnownFileType = sourcecode.swift; path = M13CheckboxFlatController.swift; sourceTree = "<group>"; };
		63B849A61F5E760B005A2A52 /* M13CheckboxSpiralController.swift */ = {isa = PBXFileReference; lastKnownFileType = sourcecode.swift; path = M13CheckboxSpiralController.swift; sourceTree = "<group>"; };
		63B849A71F5E760B005A2A52 /* M13CheckboxStrokeController.swift */ = {isa = PBXFileReference; lastKnownFileType = sourcecode.swift; path = M13CheckboxStrokeController.swift; sourceTree = "<group>"; };
		63B849A91F5E760B005A2A52 /* M13CheckboxAddRemovePathGenerator.swift */ = {isa = PBXFileReference; lastKnownFileType = sourcecode.swift; path = M13CheckboxAddRemovePathGenerator.swift; sourceTree = "<group>"; };
		63B849AA1F5E760B005A2A52 /* M13CheckboxCheckPathGenerator.swift */ = {isa = PBXFileReference; lastKnownFileType = sourcecode.swift; path = M13CheckboxCheckPathGenerator.swift; sourceTree = "<group>"; };
		63B849AB1F5E760B005A2A52 /* M13CheckboxDisclosurePathGenerator.swift */ = {isa = PBXFileReference; lastKnownFileType = sourcecode.swift; path = M13CheckboxDisclosurePathGenerator.swift; sourceTree = "<group>"; };
		63B849AC1F5E760B005A2A52 /* M13CheckboxPathGenerator.swift */ = {isa = PBXFileReference; lastKnownFileType = sourcecode.swift; path = M13CheckboxPathGenerator.swift; sourceTree = "<group>"; };
		63B849AD1F5E760B005A2A52 /* M13CheckboxRadioPathGenerator.swift */ = {isa = PBXFileReference; lastKnownFileType = sourcecode.swift; path = M13CheckboxRadioPathGenerator.swift; sourceTree = "<group>"; };
		63B849AF1F5E760B005A2A52 /* AlertViewController.swift */ = {isa = PBXFileReference; lastKnownFileType = sourcecode.swift; path = AlertViewController.swift; sourceTree = "<group>"; };
		63B849B01F5E760B005A2A52 /* AlertViewController.xib */ = {isa = PBXFileReference; lastKnownFileType = file.xib; path = AlertViewController.xib; sourceTree = "<group>"; };
		63B849B11F5E760B005A2A52 /* BackgroundView.swift */ = {isa = PBXFileReference; lastKnownFileType = sourcecode.swift; path = BackgroundView.swift; sourceTree = "<group>"; };
		63B849B21F5E760B005A2A52 /* CoverHorizontalAnimation.swift */ = {isa = PBXFileReference; lastKnownFileType = sourcecode.swift; path = CoverHorizontalAnimation.swift; sourceTree = "<group>"; };
		63B849B31F5E760B005A2A52 /* CoverVerticalAnimation.swift */ = {isa = PBXFileReference; lastKnownFileType = sourcecode.swift; path = CoverVerticalAnimation.swift; sourceTree = "<group>"; };
		63B849B41F5E760B005A2A52 /* CoverVerticalFromTopAnimation.swift */ = {isa = PBXFileReference; lastKnownFileType = sourcecode.swift; path = CoverVerticalFromTopAnimation.swift; sourceTree = "<group>"; };
		63B849B51F5E760B005A2A52 /* CrossDissolveAnimation.swift */ = {isa = PBXFileReference; lastKnownFileType = sourcecode.swift; path = CrossDissolveAnimation.swift; sourceTree = "<group>"; };
		63B849B61F5E760B005A2A52 /* Info.plist */ = {isa = PBXFileReference; lastKnownFileType = text.plist.xml; path = Info.plist; sourceTree = "<group>"; };
		63B849B71F5E760B005A2A52 /* KeyboardTranslation.swift */ = {isa = PBXFileReference; lastKnownFileType = sourcecode.swift; path = KeyboardTranslation.swift; sourceTree = "<group>"; };
		63B849B81F5E760B005A2A52 /* ModalCenterPosition.swift */ = {isa = PBXFileReference; lastKnownFileType = sourcecode.swift; path = ModalCenterPosition.swift; sourceTree = "<group>"; };
		63B849B91F5E760B005A2A52 /* ModalSize.swift */ = {isa = PBXFileReference; lastKnownFileType = sourcecode.swift; path = ModalSize.swift; sourceTree = "<group>"; };
		63B849BA1F5E760B005A2A52 /* Montserrat-Regular.ttf */ = {isa = PBXFileReference; lastKnownFileType = file; path = "Montserrat-Regular.ttf"; sourceTree = "<group>"; };
		63B849BB1F5E760B005A2A52 /* PresentationType.swift */ = {isa = PBXFileReference; lastKnownFileType = sourcecode.swift; path = PresentationType.swift; sourceTree = "<group>"; };
		63B849BC1F5E760B005A2A52 /* Presentr+Equatable.swift */ = {isa = PBXFileReference; lastKnownFileType = sourcecode.swift; path = "Presentr+Equatable.swift"; sourceTree = "<group>"; };
		63B849BD1F5E760B005A2A52 /* Presentr.h */ = {isa = PBXFileReference; lastKnownFileType = sourcecode.c.h; path = Presentr.h; sourceTree = "<group>"; };
		63B849BE1F5E760B005A2A52 /* Presentr.swift */ = {isa = PBXFileReference; lastKnownFileType = sourcecode.swift; path = Presentr.swift; sourceTree = "<group>"; };
		63B849BF1F5E760B005A2A52 /* PresentrAnimation.swift */ = {isa = PBXFileReference; lastKnownFileType = sourcecode.swift; path = PresentrAnimation.swift; sourceTree = "<group>"; };
		63B849C01F5E760B005A2A52 /* PresentrController.swift */ = {isa = PBXFileReference; lastKnownFileType = sourcecode.swift; path = PresentrController.swift; sourceTree = "<group>"; };
		63B849C11F5E760B005A2A52 /* PresentrShadow.swift */ = {isa = PBXFileReference; lastKnownFileType = sourcecode.swift; path = PresentrShadow.swift; sourceTree = "<group>"; };
		63B849C21F5E760B005A2A52 /* SourceSansPro-Regular.ttf */ = {isa = PBXFileReference; lastKnownFileType = file; path = "SourceSansPro-Regular.ttf"; sourceTree = "<group>"; };
		63B849C31F5E760B005A2A52 /* TransitionType.swift */ = {isa = PBXFileReference; lastKnownFileType = sourcecode.swift; path = TransitionType.swift; sourceTree = "<group>"; };
		63B849C51F5E760B005A2A52 /* ColorDefinition.swift */ = {isa = PBXFileReference; lastKnownFileType = sourcecode.swift; path = ColorDefinition.swift; sourceTree = "<group>"; };
		63B849C61F5E760B005A2A52 /* Hue.swift */ = {isa = PBXFileReference; lastKnownFileType = sourcecode.swift; path = Hue.swift; sourceTree = "<group>"; };
		63B849C71F5E760B005A2A52 /* Info.plist */ = {isa = PBXFileReference; lastKnownFileType = text.plist.xml; path = Info.plist; sourceTree = "<group>"; };
		63B849C81F5E760B005A2A52 /* Luminosity.swift */ = {isa = PBXFileReference; lastKnownFileType = sourcecode.swift; path = Luminosity.swift; sourceTree = "<group>"; };
		63B849C91F5E760B005A2A52 /* RandomColor.h */ = {isa = PBXFileReference; lastKnownFileType = sourcecode.c.h; path = RandomColor.h; sourceTree = "<group>"; };
		63B849CA1F5E760B005A2A52 /* RandomColor.swift */ = {isa = PBXFileReference; lastKnownFileType = sourcecode.swift; path = RandomColor.swift; sourceTree = "<group>"; };
		63B849CB1F5E760B005A2A52 /* SevenSwitch.swift */ = {isa = PBXFileReference; lastKnownFileType = sourcecode.swift; path = SevenSwitch.swift; sourceTree = "<group>"; };
		63B849CD1F5E760B005A2A52 /* SkyFloatingLabelTextFieldWithIcon.swift */ = {isa = PBXFileReference; lastKnownFileType = sourcecode.swift; path = SkyFloatingLabelTextFieldWithIcon.swift; sourceTree = "<group>"; };
		63B849CE1F5E760B005A2A52 /* UITextField+fixCaretPosition.swift */ = {isa = PBXFileReference; lastKnownFileType = sourcecode.swift; path = "UITextField+fixCaretPosition.swift"; sourceTree = "<group>"; };
		63B849CF1F5E760B005A2A52 /* SkyFloatingLabelTextField.swift */ = {isa = PBXFileReference; lastKnownFileType = sourcecode.swift; path = SkyFloatingLabelTextField.swift; sourceTree = "<group>"; };
		63B849D11F5E760B005A2A52 /* Date+Timepiece.swift */ = {isa = PBXFileReference; lastKnownFileType = sourcecode.swift; path = "Date+Timepiece.swift"; sourceTree = "<group>"; };
		63B849D21F5E760B005A2A52 /* DateComponents+Timepiece.swift */ = {isa = PBXFileReference; lastKnownFileType = sourcecode.swift; path = "DateComponents+Timepiece.swift"; sourceTree = "<group>"; };
		63B849D31F5E760B005A2A52 /* Int+Timepiece.swift */ = {isa = PBXFileReference; lastKnownFileType = sourcecode.swift; path = "Int+Timepiece.swift"; sourceTree = "<group>"; };
		63B849D41F5E760B005A2A52 /* String+Timepiece.swift */ = {isa = PBXFileReference; lastKnownFileType = sourcecode.swift; path = "String+Timepiece.swift"; sourceTree = "<group>"; };
		63B849D51F5E760B005A2A52 /* ZFRippleButton.swift */ = {isa = PBXFileReference; lastKnownFileType = sourcecode.swift; path = ZFRippleButton.swift; sourceTree = "<group>"; };
		63FE4DBB1F591B2900077579 /* frmAssignmentList.swift */ = {isa = PBXFileReference; lastKnownFileType = sourcecode.swift; name = frmAssignmentList.swift; path = Assignments/frmAssignmentList.swift; sourceTree = SOURCE_ROOT; };
		63FE4DBD1F591BCE00077579 /* frmAssignmentList_tblAssignment_Cell.swift */ = {isa = PBXFileReference; lastKnownFileType = sourcecode.swift; name = frmAssignmentList_tblAssignment_Cell.swift; path = Assignments/frmAssignmentList_tblAssignment_Cell.swift; sourceTree = SOURCE_ROOT; };
		63FE4DBF1F591D5600077579 /* frmAssignmentList_NewAssignment.swift */ = {isa = PBXFileReference; lastKnownFileType = sourcecode.swift; name = frmAssignmentList_NewAssignment.swift; path = Assignments/frmAssignmentList_NewAssignment.swift; sourceTree = SOURCE_ROOT; };
/* End PBXFileReference section */

/* Begin PBXFrameworksBuildPhase section */
		6373FA0F1F58A661006C20DD /* Frameworks */ = {
			isa = PBXFrameworksBuildPhase;
			buildActionMask = 2147483647;
			files = (
			);
			runOnlyForDeploymentPostprocessing = 0;
		};
		6373FA251F58A661006C20DD /* Frameworks */ = {
			isa = PBXFrameworksBuildPhase;
			buildActionMask = 2147483647;
			files = (
			);
			runOnlyForDeploymentPostprocessing = 0;
		};
		6373FA301F58A661006C20DD /* Frameworks */ = {
			isa = PBXFrameworksBuildPhase;
			buildActionMask = 2147483647;
			files = (
			);
			runOnlyForDeploymentPostprocessing = 0;
		};
/* End PBXFrameworksBuildPhase section */

/* Begin PBXGroup section */
		6373FA091F58A661006C20DD = {
			isa = PBXGroup;
			children = (
				6373FA141F58A661006C20DD /* Assignments */,
				6373FA2B1F58A661006C20DD /* AssignmentsTests */,
				6373FA361F58A661006C20DD /* AssignmentsUITests */,
				6373FA131F58A661006C20DD /* Products */,
			);
			sourceTree = "<group>";
		};
		6373FA131F58A661006C20DD /* Products */ = {
			isa = PBXGroup;
			children = (
				6373FA121F58A661006C20DD /* Assignments.app */,
				6373FA281F58A661006C20DD /* AssignmentsTests.xctest */,
				6373FA331F58A661006C20DD /* AssignmentsUITests.xctest */,
			);
			name = Products;
			sourceTree = "<group>";
		};
		6373FA141F58A661006C20DD /* Assignments */ = {
			isa = PBXGroup;
			children = (
				63B849471F5E760B005A2A52 /* Third-Parties */,
				63B0122C1F5923B9000CF101 /* Forms */,
				6373FA151F58A661006C20DD /* AppDelegate.swift */,
				6373FA171F58A661006C20DD /* LaunchScreen.swift */,
				6373FA191F58A661006C20DD /* SecondViewController.swift */,
				6373FA1B1F58A661006C20DD /* Main.storyboard */,
				6373FA1E1F58A661006C20DD /* Assets.xcassets */,
				6373FA201F58A661006C20DD /* LaunchScreen.storyboard */,
				6373FA231F58A661006C20DD /* Info.plist */,
				6325F6991F59041600B22DDA /* Gib.swift */,
				6325F69B1F590B1E00B22DDA /* Classes.swift */,
			);
			path = Assignments;
			sourceTree = "<group>";
		};
		6373FA2B1F58A661006C20DD /* AssignmentsTests */ = {
			isa = PBXGroup;
			children = (
				6373FA2C1F58A661006C20DD /* AssignmentsTests.swift */,
				6373FA2E1F58A661006C20DD /* Info.plist */,
			);
			path = AssignmentsTests;
			sourceTree = "<group>";
		};
		6373FA361F58A661006C20DD /* AssignmentsUITests */ = {
			isa = PBXGroup;
			children = (
				6373FA371F58A661006C20DD /* AssignmentsUITests.swift */,
				6373FA391F58A661006C20DD /* Info.plist */,
			);
			path = AssignmentsUITests;
			sourceTree = "<group>";
		};
		63B0122C1F5923B9000CF101 /* Forms */ = {
			isa = PBXGroup;
			children = (
				63FE4DBB1F591B2900077579 /* frmAssignmentList.swift */,
				63FE4DBD1F591BCE00077579 /* frmAssignmentList_tblAssignment_Cell.swift */,
				63FE4DBF1F591D5600077579 /* frmAssignmentList_NewAssignment.swift */,
				63A6564B1F5C7556005734FA /* frmAssignmentList_NewAssignment_NewSubject.swift */,
			);
			name = Forms;
			sourceTree = "<group>";
		};
		63B849471F5E760B005A2A52 /* Third-Parties */ = {
			isa = PBXGroup;
			children = (
				63B849481F5E760B005A2A52 /* BetterSegmentedControl.swift */,
				63B849491F5E760B005A2A52 /* DateTimePicker */,
				63B8494D1F5E760B005A2A52 /* DropDown */,
				63B8495A1F5E760B005A2A52 /* Instructions */,
				63B849991F5E760B005A2A52 /* M13CheckBox */,
				63B849AE1F5E760B005A2A52 /* Presentr */,
				63B849C41F5E760B005A2A52 /* RandomColor */,
				63B849CB1F5E760B005A2A52 /* SevenSwitch.swift */,
				63B849CC1F5E760B005A2A52 /* SkyFloatingLabelTextField */,
				63B849CF1F5E760B005A2A52 /* SkyFloatingLabelTextField.swift */,
				63B849D01F5E760B005A2A52 /* Timepiece */,
				63B849D51F5E760B005A2A52 /* ZFRippleButton.swift */,
			);
			path = "Third-Parties";
			sourceTree = "<group>";
		};
		63B849491F5E760B005A2A52 /* DateTimePicker */ = {
			isa = PBXGroup;
			children = (
				63B8494A1F5E760B005A2A52 /* DateCollectionViewCell.swift */,
				63B8494B1F5E760B005A2A52 /* DateTimePicker.swift */,
				63B8494C1F5E760B005A2A52 /* StepCollectionViewFlowLayout.swift */,
			);
			path = DateTimePicker;
			sourceTree = "<group>";
		};
		63B8494D1F5E760B005A2A52 /* DropDown */ = {
			isa = PBXGroup;
			children = (
				63B8494E1F5E760B005A2A52 /* DropDown.h */,
				63B8494F1F5E760B005A2A52 /* helpers */,
				63B849531F5E760B005A2A52 /* Info.plist */,
				63B849541F5E760B005A2A52 /* resources */,
				63B849561F5E760B005A2A52 /* src */,
			);
			path = DropDown;
			sourceTree = "<group>";
		};
		63B8494F1F5E760B005A2A52 /* helpers */ = {
			isa = PBXGroup;
			children = (
				63B849501F5E760B005A2A52 /* DPDConstants.swift */,
				63B849511F5E760B005A2A52 /* DPDKeyboardListener.swift */,
				63B849521F5E760B005A2A52 /* DPDUIView+Extension.swift */,
			);
			path = helpers;
			sourceTree = "<group>";
		};
		63B849541F5E760B005A2A52 /* resources */ = {
			isa = PBXGroup;
			children = (
				63B849551F5E760B005A2A52 /* DropDownCell.xib */,
			);
			path = resources;
			sourceTree = "<group>";
		};
		63B849561F5E760B005A2A52 /* src */ = {
			isa = PBXGroup;
			children = (
				63B849571F5E760B005A2A52 /* DropDown+Appearance.swift */,
				63B849581F5E760B005A2A52 /* DropDown.swift */,
				63B849591F5E760B005A2A52 /* DropDownCell.swift */,
			);
			path = src;
			sourceTree = "<group>";
		};
		63B8495A1F5E760B005A2A52 /* Instructions */ = {
			isa = PBXGroup;
			children = (
				63B8495B1F5E760B005A2A52 /* Core */,
				63B849631F5E760B005A2A52 /* Extra */,
				63B849681F5E760B005A2A52 /* Helpers */,
				63B849761F5E760B005A2A52 /* Instructions.swift */,
				63B849771F5E760B005A2A52 /* Managers */,
				63B849821F5E760B005A2A52 /* Protocols */,
				63B849911F5E760B005A2A52 /* Views */,
			);
			path = Instructions;
			sourceTree = "<group>";
		};
		63B8495B1F5E760B005A2A52 /* Core */ = {
			isa = PBXGroup;
			children = (
				63B8495C1F5E760B005A2A52 /* Internal */,
				63B8495E1F5E760B005A2A52 /* Public */,
			);
			path = Core;
			sourceTree = "<group>";
		};
		63B8495C1F5E760B005A2A52 /* Internal */ = {
			isa = PBXGroup;
			children = (
				63B8495D1F5E760B005A2A52 /* CoachMarksViewController.swift */,
			);
			path = Internal;
			sourceTree = "<group>";
		};
		63B8495E1F5E760B005A2A52 /* Public */ = {
			isa = PBXGroup;
			children = (
				63B8495F1F5E760B005A2A52 /* CoachMark.swift */,
				63B849601F5E760B005A2A52 /* CoachMarksController.swift */,
				63B849611F5E760B005A2A52 /* Extensions */,
			);
			path = Public;
			sourceTree = "<group>";
		};
		63B849611F5E760B005A2A52 /* Extensions */ = {
			isa = PBXGroup;
			children = (
				63B849621F5E760B005A2A52 /* CoachMarksController+Proxy.swift */,
			);
			path = Extensions;
			sourceTree = "<group>";
		};
		63B849631F5E760B005A2A52 /* Extra */ = {
			isa = PBXGroup;
			children = (
				63B849641F5E760B005A2A52 /* Default Views */,
			);
			path = Extra;
			sourceTree = "<group>";
		};
		63B849641F5E760B005A2A52 /* Default Views */ = {
			isa = PBXGroup;
			children = (
				63B849651F5E760B005A2A52 /* CoachMarkArrowDefaultView.swift */,
				63B849661F5E760B005A2A52 /* CoachMarkBodyDefaultView.swift */,
				63B849671F5E760B005A2A52 /* CoachMarkSkipDefaultView.swift */,
			);
			path = "Default Views";
			sourceTree = "<group>";
		};
		63B849681F5E760B005A2A52 /* Helpers */ = {
			isa = PBXGroup;
			children = (
				63B849691F5E760B005A2A52 /* Internal */,
				63B849711F5E760B005A2A52 /* Public */,
			);
			path = Helpers;
			sourceTree = "<group>";
		};
		63B849691F5E760B005A2A52 /* Internal */ = {
			isa = PBXGroup;
			children = (
				63B8496A1F5E760B005A2A52 /* CoachMarkInnerLayoutHelper.swift */,
				63B8496B1F5E760B005A2A52 /* CoachMarkLayoutHelper.swift */,
				63B8496C1F5E760B005A2A52 /* Enums */,
				63B8496E1F5E760B005A2A52 /* Extensions */,
			);
			path = Internal;
			sourceTree = "<group>";
		};
		63B8496C1F5E760B005A2A52 /* Enums */ = {
			isa = PBXGroup;
			children = (
				63B8496D1F5E760B005A2A52 /* CoachMarkPosition.swift */,
			);
			path = Enums;
			sourceTree = "<group>";
		};
		63B8496E1F5E760B005A2A52 /* Extensions */ = {
			isa = PBXGroup;
			children = (
				63B8496F1F5E760B005A2A52 /* UIImage+Bundle.swift */,
				63B849701F5E760B005A2A52 /* UIView+Layout.swift */,
			);
			path = Extensions;
			sourceTree = "<group>";
		};
		63B849711F5E760B005A2A52 /* Public */ = {
			isa = PBXGroup;
			children = (
				63B849721F5E760B005A2A52 /* CoachMarkBodyDefaultViewHelper.swift */,
				63B849731F5E760B005A2A52 /* CoachMarkHelper.swift */,
				63B849741F5E760B005A2A52 /* Enums */,
			);
			path = Public;
			sourceTree = "<group>";
		};
		63B849741F5E760B005A2A52 /* Enums */ = {
			isa = PBXGroup;
			children = (
				63B849751F5E760B005A2A52 /* CoachMarkArrowOrientation.swift */,
			);
			path = Enums;
			sourceTree = "<group>";
		};
		63B849771F5E760B005A2A52 /* Managers */ = {
			isa = PBXGroup;
			children = (
				63B849781F5E760B005A2A52 /* Internal */,
				63B8497F1F5E760B005A2A52 /* Public */,
			);
			path = Managers;
			sourceTree = "<group>";
		};
		63B849781F5E760B005A2A52 /* Internal */ = {
			isa = PBXGroup;
			children = (
				63B849791F5E760B005A2A52 /* CoachMarkDisplayManager.swift */,
				63B8497A1F5E760B005A2A52 /* OverlayStyleManager */,
				63B8497E1F5E760B005A2A52 /* SkipViewDisplayManager.swift */,
			);
			path = Internal;
			sourceTree = "<group>";
		};
		63B8497A1F5E760B005A2A52 /* OverlayStyleManager */ = {
			isa = PBXGroup;
			children = (
				63B8497B1F5E760B005A2A52 /* BlurringOverlayStyleManager.swift */,
				63B8497C1F5E760B005A2A52 /* OverlayStyleManager.swift */,
				63B8497D1F5E760B005A2A52 /* TranslucentOverlayStyleManager.swift */,
			);
			path = OverlayStyleManager;
			sourceTree = "<group>";
		};
		63B8497F1F5E760B005A2A52 /* Public */ = {
			isa = PBXGroup;
			children = (
				63B849801F5E760B005A2A52 /* FlowManager.swift */,
				63B849811F5E760B005A2A52 /* OverlayManager.swift */,
			);
			path = Public;
			sourceTree = "<group>";
		};
		63B849821F5E760B005A2A52 /* Protocols */ = {
			isa = PBXGroup;
			children = (
				63B849831F5E760B005A2A52 /* Internal */,
				63B849851F5E760B005A2A52 /* Public */,
			);
			path = Protocols;
			sourceTree = "<group>";
		};
		63B849831F5E760B005A2A52 /* Internal */ = {
			isa = PBXGroup;
			children = (
				63B849841F5E760B005A2A52 /* CoachMarkViewControllerDelegate.swift */,
			);
			path = Internal;
			sourceTree = "<group>";
		};
		63B849851F5E760B005A2A52 /* Public */ = {
			isa = PBXGroup;
			children = (
				63B849861F5E760B005A2A52 /* CoachMarkArrowView.swift */,
				63B849871F5E760B005A2A52 /* CoachMarkBodyHighlightArrowDelegate.swift */,
				63B849881F5E760B005A2A52 /* CoachMarkBodyView.swift */,
				63B849891F5E760B005A2A52 /* CoachMarksControllerDataSource.swift */,
				63B8498A1F5E760B005A2A52 /* CoachMarksControllerDelegate.swift */,
				63B8498B1F5E760B005A2A52 /* CoachMarkSkipView.swift */,
			);
			path = Public;
			sourceTree = "<group>";
		};
		63B849911F5E760B005A2A52 /* Views */ = {
			isa = PBXGroup;
			children = (
				63B849921F5E760B005A2A52 /* CoachMarkView.swift */,
				63B849931F5E760B005A2A52 /* DummyView.swift */,
				63B849941F5E760B005A2A52 /* InstructionsRootView.swift */,
				63B849951F5E760B005A2A52 /* InstructionsWindow.swift */,
				63B849961F5E760B005A2A52 /* MaskView.swift */,
				63B849971F5E760B005A2A52 /* OverlaySnapshotView.swift */,
				63B849981F5E760B005A2A52 /* OverlayView.swift */,
			);
			path = Views;
			sourceTree = "<group>";
		};
		63B849991F5E760B005A2A52 /* M13CheckBox */ = {
			isa = PBXGroup;
			children = (
				63B8499A1F5E760B005A2A52 /* M13Checkbox+IB.swift */,
				63B8499B1F5E760B005A2A52 /* M13Checkbox.swift */,
				63B8499C1F5E760B005A2A52 /* M13CheckboxAnimationGenerator.swift */,
				63B8499D1F5E760B005A2A52 /* M13CheckboxController.swift */,
				63B8499E1F5E760B005A2A52 /* M13CheckboxGestureRecognizer.swift */,
				63B8499F1F5E760B005A2A52 /* Managers */,
				63B849A81F5E760B005A2A52 /* Paths */,
			);
			path = M13CheckBox;
			sourceTree = "<group>";
		};
		63B8499F1F5E760B005A2A52 /* Managers */ = {
			isa = PBXGroup;
			children = (
				63B849A01F5E760B005A2A52 /* M13CheckboxBounceController.swift */,
				63B849A11F5E760B005A2A52 /* M13CheckboxDotController.swift */,
				63B849A21F5E760B005A2A52 /* M13CheckboxExpandController.swift */,
				63B849A31F5E760B005A2A52 /* M13CheckboxFadeController.swift */,
				63B849A41F5E760B005A2A52 /* M13CheckboxFillController.swift */,
				63B849A51F5E760B005A2A52 /* M13CheckboxFlatController.swift */,
				63B849A61F5E760B005A2A52 /* M13CheckboxSpiralController.swift */,
				63B849A71F5E760B005A2A52 /* M13CheckboxStrokeController.swift */,
			);
			path = Managers;
			sourceTree = "<group>";
		};
		63B849A81F5E760B005A2A52 /* Paths */ = {
			isa = PBXGroup;
			children = (
				63B849A91F5E760B005A2A52 /* M13CheckboxAddRemovePathGenerator.swift */,
				63B849AA1F5E760B005A2A52 /* M13CheckboxCheckPathGenerator.swift */,
				63B849AB1F5E760B005A2A52 /* M13CheckboxDisclosurePathGenerator.swift */,
				63B849AC1F5E760B005A2A52 /* M13CheckboxPathGenerator.swift */,
				63B849AD1F5E760B005A2A52 /* M13CheckboxRadioPathGenerator.swift */,
			);
			path = Paths;
			sourceTree = "<group>";
		};
		63B849AE1F5E760B005A2A52 /* Presentr */ = {
			isa = PBXGroup;
			children = (
				63B849AF1F5E760B005A2A52 /* AlertViewController.swift */,
				63B849B01F5E760B005A2A52 /* AlertViewController.xib */,
				63B849B11F5E760B005A2A52 /* BackgroundView.swift */,
				63B849B21F5E760B005A2A52 /* CoverHorizontalAnimation.swift */,
				63B849B31F5E760B005A2A52 /* CoverVerticalAnimation.swift */,
				63B849B41F5E760B005A2A52 /* CoverVerticalFromTopAnimation.swift */,
				63B849B51F5E760B005A2A52 /* CrossDissolveAnimation.swift */,
				63B849B61F5E760B005A2A52 /* Info.plist */,
				63B849B71F5E760B005A2A52 /* KeyboardTranslation.swift */,
				63B849B81F5E760B005A2A52 /* ModalCenterPosition.swift */,
				63B849B91F5E760B005A2A52 /* ModalSize.swift */,
				63B849BA1F5E760B005A2A52 /* Montserrat-Regular.ttf */,
				63B849BB1F5E760B005A2A52 /* PresentationType.swift */,
				63B849BC1F5E760B005A2A52 /* Presentr+Equatable.swift */,
				63B849BD1F5E760B005A2A52 /* Presentr.h */,
				63B849BE1F5E760B005A2A52 /* Presentr.swift */,
				63B849BF1F5E760B005A2A52 /* PresentrAnimation.swift */,
				63B849C01F5E760B005A2A52 /* PresentrController.swift */,
				63B849C11F5E760B005A2A52 /* PresentrShadow.swift */,
				63B849C21F5E760B005A2A52 /* SourceSansPro-Regular.ttf */,
				63B849C31F5E760B005A2A52 /* TransitionType.swift */,
			);
			path = Presentr;
			sourceTree = "<group>";
		};
		63B849C41F5E760B005A2A52 /* RandomColor */ = {
			isa = PBXGroup;
			children = (
				63B849C51F5E760B005A2A52 /* ColorDefinition.swift */,
				63B849C61F5E760B005A2A52 /* Hue.swift */,
				63B849C71F5E760B005A2A52 /* Info.plist */,
				63B849C81F5E760B005A2A52 /* Luminosity.swift */,
				63B849C91F5E760B005A2A52 /* RandomColor.h */,
				63B849CA1F5E760B005A2A52 /* RandomColor.swift */,
			);
			path = RandomColor;
			sourceTree = "<group>";
		};
		63B849CC1F5E760B005A2A52 /* SkyFloatingLabelTextField */ = {
			isa = PBXGroup;
			children = (
				63B849CD1F5E760B005A2A52 /* SkyFloatingLabelTextFieldWithIcon.swift */,
				63B849CE1F5E760B005A2A52 /* UITextField+fixCaretPosition.swift */,
			);
			path = SkyFloatingLabelTextField;
			sourceTree = "<group>";
		};
		63B849D01F5E760B005A2A52 /* Timepiece */ = {
			isa = PBXGroup;
			children = (
				63B849D11F5E760B005A2A52 /* Date+Timepiece.swift */,
				63B849D21F5E760B005A2A52 /* DateComponents+Timepiece.swift */,
				63B849D31F5E760B005A2A52 /* Int+Timepiece.swift */,
				63B849D41F5E760B005A2A52 /* String+Timepiece.swift */,
			);
			path = Timepiece;
			sourceTree = "<group>";
		};
/* End PBXGroup section */

/* Begin PBXNativeTarget section */
		6373FA111F58A661006C20DD /* Assignments */ = {
			isa = PBXNativeTarget;
			buildConfigurationList = 6373FA3C1F58A661006C20DD /* Build configuration list for PBXNativeTarget "Assignments" */;
			buildPhases = (
				6373FA0E1F58A661006C20DD /* Sources */,
				6373FA0F1F58A661006C20DD /* Frameworks */,
				6373FA101F58A661006C20DD /* Resources */,
				63376FC81F5D0D6F00E17C0E /* Embed Frameworks */,
			);
			buildRules = (
			);
			dependencies = (
			);
			name = Assignments;
			productName = Assignments;
			productReference = 6373FA121F58A661006C20DD /* Assignments.app */;
			productType = "com.apple.product-type.application";
		};
		6373FA271F58A661006C20DD /* AssignmentsTests */ = {
			isa = PBXNativeTarget;
			buildConfigurationList = 6373FA3F1F58A661006C20DD /* Build configuration list for PBXNativeTarget "AssignmentsTests" */;
			buildPhases = (
				6373FA241F58A661006C20DD /* Sources */,
				6373FA251F58A661006C20DD /* Frameworks */,
				6373FA261F58A661006C20DD /* Resources */,
			);
			buildRules = (
			);
			dependencies = (
				6373FA2A1F58A661006C20DD /* PBXTargetDependency */,
			);
			name = AssignmentsTests;
			productName = AssignmentsTests;
			productReference = 6373FA281F58A661006C20DD /* AssignmentsTests.xctest */;
			productType = "com.apple.product-type.bundle.unit-test";
		};
		6373FA321F58A661006C20DD /* AssignmentsUITests */ = {
			isa = PBXNativeTarget;
			buildConfigurationList = 6373FA421F58A661006C20DD /* Build configuration list for PBXNativeTarget "AssignmentsUITests" */;
			buildPhases = (
				6373FA2F1F58A661006C20DD /* Sources */,
				6373FA301F58A661006C20DD /* Frameworks */,
				6373FA311F58A661006C20DD /* Resources */,
			);
			buildRules = (
			);
			dependencies = (
				6373FA351F58A661006C20DD /* PBXTargetDependency */,
			);
			name = AssignmentsUITests;
			productName = AssignmentsUITests;
			productReference = 6373FA331F58A661006C20DD /* AssignmentsUITests.xctest */;
			productType = "com.apple.product-type.bundle.ui-testing";
		};
/* End PBXNativeTarget section */

/* Begin PBXProject section */
		6373FA0A1F58A661006C20DD /* Project object */ = {
			isa = PBXProject;
			attributes = {
				LastSwiftUpdateCheck = 0900;
				LastUpgradeCheck = 0900;
				ORGANIZATIONNAME = "David Chen";
				TargetAttributes = {
					6373FA111F58A661006C20DD = {
						CreatedOnToolsVersion = 9.0;
						ProvisioningStyle = Automatic;
					};
					6373FA271F58A661006C20DD = {
						CreatedOnToolsVersion = 9.0;
						ProvisioningStyle = Automatic;
						TestTargetID = 6373FA111F58A661006C20DD;
					};
					6373FA321F58A661006C20DD = {
						CreatedOnToolsVersion = 9.0;
						ProvisioningStyle = Automatic;
						TestTargetID = 6373FA111F58A661006C20DD;
					};
				};
			};
			buildConfigurationList = 6373FA0D1F58A661006C20DD /* Build configuration list for PBXProject "Assignments" */;
			compatibilityVersion = "Xcode 8.0";
			developmentRegion = en;
			hasScannedForEncodings = 0;
			knownRegions = (
				en,
				Base,
			);
			mainGroup = 6373FA091F58A661006C20DD;
			productRefGroup = 6373FA131F58A661006C20DD /* Products */;
			projectDirPath = "";
			projectRoot = "";
			targets = (
				6373FA111F58A661006C20DD /* Assignments */,
				6373FA271F58A661006C20DD /* AssignmentsTests */,
				6373FA321F58A661006C20DD /* AssignmentsUITests */,
			);
		};
/* End PBXProject section */

/* Begin PBXResourcesBuildPhase section */
		6373FA101F58A661006C20DD /* Resources */ = {
			isa = PBXResourcesBuildPhase;
			buildActionMask = 2147483647;
			files = (
				6373FA221F58A661006C20DD /* LaunchScreen.storyboard in Resources */,
				6373FA1F1F58A661006C20DD /* Assets.xcassets in Resources */,
				6373FA1D1F58A661006C20DD /* Main.storyboard in Resources */,
			);
			runOnlyForDeploymentPostprocessing = 0;
		};
		6373FA261F58A661006C20DD /* Resources */ = {
			isa = PBXResourcesBuildPhase;
			buildActionMask = 2147483647;
			files = (
			);
			runOnlyForDeploymentPostprocessing = 0;
		};
		6373FA311F58A661006C20DD /* Resources */ = {
			isa = PBXResourcesBuildPhase;
			buildActionMask = 2147483647;
			files = (
			);
			runOnlyForDeploymentPostprocessing = 0;
		};
/* End PBXResourcesBuildPhase section */

/* Begin PBXSourcesBuildPhase section */
		6373FA0E1F58A661006C20DD /* Sources */ = {
			isa = PBXSourcesBuildPhase;
			buildActionMask = 2147483647;
			files = (
				63B849D61F5E7673005A2A52 /* BetterSegmentedControl.swift in Sources */,
				63B849D71F5E7673005A2A52 /* DateCollectionViewCell.swift in Sources */,
				63B849D81F5E7673005A2A52 /* DateTimePicker.swift in Sources */,
				63B849D91F5E7673005A2A52 /* StepCollectionViewFlowLayout.swift in Sources */,
				63B849DA1F5E7673005A2A52 /* DropDown.h in Sources */,
				63B849DB1F5E7673005A2A52 /* DPDConstants.swift in Sources */,
				63B849DC1F5E7673005A2A52 /* DPDKeyboardListener.swift in Sources */,
				63B849DD1F5E7673005A2A52 /* DPDUIView+Extension.swift in Sources */,
				63B849DE1F5E7673005A2A52 /* Info.plist in Sources */,
				63B849DF1F5E7673005A2A52 /* DropDownCell.xib in Sources */,
				63B849E01F5E7673005A2A52 /* DropDown+Appearance.swift in Sources */,
				63B849E11F5E7673005A2A52 /* DropDown.swift in Sources */,
				63B849E21F5E7673005A2A52 /* DropDownCell.swift in Sources */,
				63B849E31F5E7673005A2A52 /* CoachMarksViewController.swift in Sources */,
				63B849E41F5E7673005A2A52 /* CoachMark.swift in Sources */,
				63B849E51F5E7673005A2A52 /* CoachMarksController.swift in Sources */,
				63B849E61F5E7673005A2A52 /* CoachMarksController+Proxy.swift in Sources */,
				63B849E71F5E7673005A2A52 /* CoachMarkArrowDefaultView.swift in Sources */,
				63B849E81F5E7673005A2A52 /* CoachMarkBodyDefaultView.swift in Sources */,
				63B849E91F5E7673005A2A52 /* CoachMarkSkipDefaultView.swift in Sources */,
				63B849EA1F5E7673005A2A52 /* CoachMarkInnerLayoutHelper.swift in Sources */,
				63B849EB1F5E7673005A2A52 /* CoachMarkLayoutHelper.swift in Sources */,
				63B849EC1F5E7673005A2A52 /* CoachMarkPosition.swift in Sources */,
				63B849ED1F5E7673005A2A52 /* UIImage+Bundle.swift in Sources */,
				63B849EE1F5E7673005A2A52 /* UIView+Layout.swift in Sources */,
				63B849EF1F5E7673005A2A52 /* CoachMarkBodyDefaultViewHelper.swift in Sources */,
				63B849F01F5E7673005A2A52 /* CoachMarkHelper.swift in Sources */,
				63B849F11F5E7673005A2A52 /* CoachMarkArrowOrientation.swift in Sources */,
				63B849F21F5E7673005A2A52 /* Instructions.swift in Sources */,
				63B849F31F5E7673005A2A52 /* CoachMarkDisplayManager.swift in Sources */,
				63B849F41F5E7673005A2A52 /* BlurringOverlayStyleManager.swift in Sources */,
				63B849F51F5E7673005A2A52 /* OverlayStyleManager.swift in Sources */,
				63B849F61F5E7673005A2A52 /* TranslucentOverlayStyleManager.swift in Sources */,
				63B849F71F5E7673005A2A52 /* SkipViewDisplayManager.swift in Sources */,
				63B849F81F5E7673005A2A52 /* FlowManager.swift in Sources */,
				63B849F91F5E7673005A2A52 /* OverlayManager.swift in Sources */,
				63B849FA1F5E7673005A2A52 /* CoachMarkViewControllerDelegate.swift in Sources */,
				63B849FB1F5E7673005A2A52 /* CoachMarkArrowView.swift in Sources */,
				63B849FC1F5E7673005A2A52 /* CoachMarkBodyHighlightArrowDelegate.swift in Sources */,
				63B849FD1F5E7673005A2A52 /* CoachMarkBodyView.swift in Sources */,
				63B849FE1F5E7673005A2A52 /* CoachMarksControllerDataSource.swift in Sources */,
				63B849FF1F5E7673005A2A52 /* CoachMarksControllerDelegate.swift in Sources */,
				63B84A001F5E7673005A2A52 /* CoachMarkSkipView.swift in Sources */,
				63B84A011F5E7673005A2A52 /* CoachMarkView.swift in Sources */,
				63B84A021F5E7673005A2A52 /* DummyView.swift in Sources */,
				63B84A031F5E7673005A2A52 /* InstructionsRootView.swift in Sources */,
				63B84A041F5E7673005A2A52 /* InstructionsWindow.swift in Sources */,
				63B84A051F5E7673005A2A52 /* MaskView.swift in Sources */,
				63B84A061F5E7673005A2A52 /* OverlaySnapshotView.swift in Sources */,
				63B84A071F5E7673005A2A52 /* OverlayView.swift in Sources */,
				63B84A081F5E7673005A2A52 /* M13Checkbox+IB.swift in Sources */,
				63B84A091F5E7673005A2A52 /* M13Checkbox.swift in Sources */,
				63B84A0A1F5E7673005A2A52 /* M13CheckboxAnimationGenerator.swift in Sources */,
				63B84A0B1F5E7673005A2A52 /* M13CheckboxController.swift in Sources */,
				63B84A0C1F5E7673005A2A52 /* M13CheckboxGestureRecognizer.swift in Sources */,
				63B84A0D1F5E7673005A2A52 /* M13CheckboxBounceController.swift in Sources */,
				63B84A0E1F5E7673005A2A52 /* M13CheckboxDotController.swift in Sources */,
				63B84A0F1F5E7673005A2A52 /* M13CheckboxExpandController.swift in Sources */,
				63B84A101F5E7673005A2A52 /* M13CheckboxFadeController.swift in Sources */,
				63B84A111F5E7673005A2A52 /* M13CheckboxFillController.swift in Sources */,
				63B84A121F5E7673005A2A52 /* M13CheckboxFlatController.swift in Sources */,
				63B84A131F5E7673005A2A52 /* M13CheckboxSpiralController.swift in Sources */,
				63B84A141F5E7673005A2A52 /* M13CheckboxStrokeController.swift in Sources */,
				63B84A151F5E7673005A2A52 /* M13CheckboxAddRemovePathGenerator.swift in Sources */,
				63B84A161F5E7673005A2A52 /* M13CheckboxCheckPathGenerator.swift in Sources */,
				63B84A171F5E7673005A2A52 /* M13CheckboxDisclosurePathGenerator.swift in Sources */,
				63B84A181F5E7673005A2A52 /* M13CheckboxPathGenerator.swift in Sources */,
				63B84A191F5E7673005A2A52 /* M13CheckboxRadioPathGenerator.swift in Sources */,
				63B84A1A1F5E7673005A2A52 /* AlertViewController.swift in Sources */,
				63B84A1B1F5E7673005A2A52 /* AlertViewController.xib in Sources */,
				63B84A1C1F5E7673005A2A52 /* BackgroundView.swift in Sources */,
				63B84A1D1F5E7673005A2A52 /* CoverHorizontalAnimation.swift in Sources */,
				63B84A1E1F5E7673005A2A52 /* CoverVerticalAnimation.swift in Sources */,
				63B84A1F1F5E7673005A2A52 /* CoverVerticalFromTopAnimation.swift in Sources */,
				63B84A201F5E7673005A2A52 /* CrossDissolveAnimation.swift in Sources */,
				63B84A211F5E7673005A2A52 /* Info.plist in Sources */,
				63B84A221F5E7673005A2A52 /* KeyboardTranslation.swift in Sources */,
				63B84A231F5E7673005A2A52 /* ModalCenterPosition.swift in Sources */,
				63B84A241F5E7673005A2A52 /* ModalSize.swift in Sources */,
				63B84A251F5E7673005A2A52 /* Montserrat-Regular.ttf in Sources */,
				63B84A261F5E7673005A2A52 /* PresentationType.swift in Sources */,
				63B84A271F5E7673005A2A52 /* Presentr+Equatable.swift in Sources */,
				63B84A281F5E7673005A2A52 /* Presentr.h in Sources */,
				63B84A291F5E7673005A2A52 /* Presentr.swift in Sources */,
				63B84A2A1F5E7673005A2A52 /* PresentrAnimation.swift in Sources */,
				63B84A2B1F5E7673005A2A52 /* PresentrController.swift in Sources */,
				63B84A2C1F5E7673005A2A52 /* PresentrShadow.swift in Sources */,
				63B84A2D1F5E7673005A2A52 /* SourceSansPro-Regular.ttf in Sources */,
				63B84A2E1F5E7673005A2A52 /* TransitionType.swift in Sources */,
				63B84A2F1F5E7673005A2A52 /* ColorDefinition.swift in Sources */,
				63B84A301F5E7673005A2A52 /* Hue.swift in Sources */,
				63B84A311F5E7673005A2A52 /* Info.plist in Sources */,
				63B84A321F5E7673005A2A52 /* Luminosity.swift in Sources */,
				63B84A331F5E7673005A2A52 /* RandomColor.h in Sources */,
				63B84A341F5E7673005A2A52 /* RandomColor.swift in Sources */,
				63B84A351F5E7673005A2A52 /* SevenSwitch.swift in Sources */,
				63B84A361F5E7673005A2A52 /* SkyFloatingLabelTextFieldWithIcon.swift in Sources */,
				63B84A371F5E7673005A2A52 /* UITextField+fixCaretPosition.swift in Sources */,
				63B84A381F5E7673005A2A52 /* SkyFloatingLabelTextField.swift in Sources */,
				63B84A391F5E7673005A2A52 /* Date+Timepiece.swift in Sources */,
				63B84A3A1F5E7673005A2A52 /* DateComponents+Timepiece.swift in Sources */,
				63B84A3B1F5E7673005A2A52 /* Int+Timepiece.swift in Sources */,
				63B84A3C1F5E7673005A2A52 /* String+Timepiece.swift in Sources */,
				63B84A3D1F5E7673005A2A52 /* ZFRippleButton.swift in Sources */,
				6325F69C1F590B1F00B22DDA /* Classes.swift in Sources */,
				6325F69A1F59041600B22DDA /* Gib.swift in Sources */,
				6373FA1A1F58A661006C20DD /* SecondViewController.swift in Sources */,
				63A6564C1F5C7556005734FA /* frmAssignmentList_NewAssignment_NewSubject.swift in Sources */,
				6373FA161F58A661006C20DD /* AppDelegate.swift in Sources */,
				63FE4DC01F591D5600077579 /* frmAssignmentList_NewAssignment.swift in Sources */,
				63FE4DBE1F591BCE00077579 /* frmAssignmentList_tblAssignment_Cell.swift in Sources */,
				63FE4DBC1F591B2900077579 /* frmAssignmentList.swift in Sources */,
				6373FA181F58A661006C20DD /* LaunchScreen.swift in Sources */,
			);
			runOnlyForDeploymentPostprocessing = 0;
		};
		6373FA241F58A661006C20DD /* Sources */ = {
			isa = PBXSourcesBuildPhase;
			buildActionMask = 2147483647;
			files = (
				6373FA2D1F58A661006C20DD /* AssignmentsTests.swift in Sources */,
			);
			runOnlyForDeploymentPostprocessing = 0;
		};
		6373FA2F1F58A661006C20DD /* Sources */ = {
			isa = PBXSourcesBuildPhase;
			buildActionMask = 2147483647;
			files = (
				6373FA381F58A661006C20DD /* AssignmentsUITests.swift in Sources */,
			);
			runOnlyForDeploymentPostprocessing = 0;
		};
/* End PBXSourcesBuildPhase section */

/* Begin PBXTargetDependency section */
		6373FA2A1F58A661006C20DD /* PBXTargetDependency */ = {
			isa = PBXTargetDependency;
			target = 6373FA111F58A661006C20DD /* Assignments */;
			targetProxy = 6373FA291F58A661006C20DD /* PBXContainerItemProxy */;
		};
		6373FA351F58A661006C20DD /* PBXTargetDependency */ = {
			isa = PBXTargetDependency;
			target = 6373FA111F58A661006C20DD /* Assignments */;
			targetProxy = 6373FA341F58A661006C20DD /* PBXContainerItemProxy */;
		};
/* End PBXTargetDependency section */

/* Begin PBXVariantGroup section */
		6373FA1B1F58A661006C20DD /* Main.storyboard */ = {
			isa = PBXVariantGroup;
			children = (
				6373FA1C1F58A661006C20DD /* Base */,
			);
			name = Main.storyboard;
			sourceTree = "<group>";
		};
		6373FA201F58A661006C20DD /* LaunchScreen.storyboard */ = {
			isa = PBXVariantGroup;
			children = (
				6373FA211F58A661006C20DD /* Base */,
			);
			name = LaunchScreen.storyboard;
			sourceTree = "<group>";
		};
/* End PBXVariantGroup section */

/* Begin XCBuildConfiguration section */
		6373FA3A1F58A661006C20DD /* Debug */ = {
			isa = XCBuildConfiguration;
			buildSettings = {
				ALWAYS_SEARCH_USER_PATHS = NO;
				CLANG_ANALYZER_NONNULL = YES;
				CLANG_ANALYZER_NUMBER_OBJECT_CONVERSION = YES_AGGRESSIVE;
				CLANG_CXX_LANGUAGE_STANDARD = "gnu++14";
				CLANG_CXX_LIBRARY = "libc++";
				CLANG_ENABLE_MODULES = YES;
				CLANG_ENABLE_OBJC_ARC = YES;
				CLANG_WARN_BLOCK_CAPTURE_AUTORELEASING = YES;
				CLANG_WARN_BOOL_CONVERSION = YES;
				CLANG_WARN_COMMA = YES;
				CLANG_WARN_CONSTANT_CONVERSION = YES;
				CLANG_WARN_DIRECT_OBJC_ISA_USAGE = YES_ERROR;
				CLANG_WARN_DOCUMENTATION_COMMENTS = YES;
				CLANG_WARN_EMPTY_BODY = YES;
				CLANG_WARN_ENUM_CONVERSION = YES;
				CLANG_WARN_INFINITE_RECURSION = YES;
				CLANG_WARN_INT_CONVERSION = YES;
				CLANG_WARN_NON_LITERAL_NULL_CONVERSION = YES;
				CLANG_WARN_OBJC_LITERAL_CONVERSION = YES;
				CLANG_WARN_OBJC_ROOT_CLASS = YES_ERROR;
				CLANG_WARN_RANGE_LOOP_ANALYSIS = YES;
				CLANG_WARN_STRICT_PROTOTYPES = YES;
				CLANG_WARN_SUSPICIOUS_MOVE = YES;
				CLANG_WARN_UNGUARDED_AVAILABILITY = YES_AGGRESSIVE;
				CLANG_WARN_UNREACHABLE_CODE = YES;
				CLANG_WARN__DUPLICATE_METHOD_MATCH = YES;
				CODE_SIGN_IDENTITY = "iPhone Developer";
				COPY_PHASE_STRIP = NO;
				DEBUG_INFORMATION_FORMAT = dwarf;
				ENABLE_STRICT_OBJC_MSGSEND = YES;
				ENABLE_TESTABILITY = YES;
				GCC_C_LANGUAGE_STANDARD = gnu11;
				GCC_DYNAMIC_NO_PIC = NO;
				GCC_NO_COMMON_BLOCKS = YES;
				GCC_OPTIMIZATION_LEVEL = 0;
				GCC_PREPROCESSOR_DEFINITIONS = (
					"DEBUG=1",
					"$(inherited)",
				);
				GCC_WARN_64_TO_32_BIT_CONVERSION = YES;
				GCC_WARN_ABOUT_RETURN_TYPE = YES_ERROR;
				GCC_WARN_UNDECLARED_SELECTOR = YES;
				GCC_WARN_UNINITIALIZED_AUTOS = YES_AGGRESSIVE;
				GCC_WARN_UNUSED_FUNCTION = YES;
				GCC_WARN_UNUSED_VARIABLE = YES;
				IPHONEOS_DEPLOYMENT_TARGET = 11.0;
				MTL_ENABLE_DEBUG_INFO = YES;
				ONLY_ACTIVE_ARCH = YES;
				SDKROOT = iphoneos;
				SWIFT_ACTIVE_COMPILATION_CONDITIONS = DEBUG;
				SWIFT_OPTIMIZATION_LEVEL = "-Onone";
			};
			name = Debug;
		};
		6373FA3B1F58A661006C20DD /* Release */ = {
			isa = XCBuildConfiguration;
			buildSettings = {
				ALWAYS_SEARCH_USER_PATHS = NO;
				CLANG_ANALYZER_NONNULL = YES;
				CLANG_ANALYZER_NUMBER_OBJECT_CONVERSION = YES_AGGRESSIVE;
				CLANG_CXX_LANGUAGE_STANDARD = "gnu++14";
				CLANG_CXX_LIBRARY = "libc++";
				CLANG_ENABLE_MODULES = YES;
				CLANG_ENABLE_OBJC_ARC = YES;
				CLANG_WARN_BLOCK_CAPTURE_AUTORELEASING = YES;
				CLANG_WARN_BOOL_CONVERSION = YES;
				CLANG_WARN_COMMA = YES;
				CLANG_WARN_CONSTANT_CONVERSION = YES;
				CLANG_WARN_DIRECT_OBJC_ISA_USAGE = YES_ERROR;
				CLANG_WARN_DOCUMENTATION_COMMENTS = YES;
				CLANG_WARN_EMPTY_BODY = YES;
				CLANG_WARN_ENUM_CONVERSION = YES;
				CLANG_WARN_INFINITE_RECURSION = YES;
				CLANG_WARN_INT_CONVERSION = YES;
				CLANG_WARN_NON_LITERAL_NULL_CONVERSION = YES;
				CLANG_WARN_OBJC_LITERAL_CONVERSION = YES;
				CLANG_WARN_OBJC_ROOT_CLASS = YES_ERROR;
				CLANG_WARN_RANGE_LOOP_ANALYSIS = YES;
				CLANG_WARN_STRICT_PROTOTYPES = YES;
				CLANG_WARN_SUSPICIOUS_MOVE = YES;
				CLANG_WARN_UNGUARDED_AVAILABILITY = YES_AGGRESSIVE;
				CLANG_WARN_UNREACHABLE_CODE = YES;
				CLANG_WARN__DUPLICATE_METHOD_MATCH = YES;
				CODE_SIGN_IDENTITY = "iPhone Developer";
				COPY_PHASE_STRIP = NO;
				DEBUG_INFORMATION_FORMAT = "dwarf-with-dsym";
				ENABLE_NS_ASSERTIONS = NO;
				ENABLE_STRICT_OBJC_MSGSEND = YES;
				GCC_C_LANGUAGE_STANDARD = gnu11;
				GCC_NO_COMMON_BLOCKS = YES;
				GCC_WARN_64_TO_32_BIT_CONVERSION = YES;
				GCC_WARN_ABOUT_RETURN_TYPE = YES_ERROR;
				GCC_WARN_UNDECLARED_SELECTOR = YES;
				GCC_WARN_UNINITIALIZED_AUTOS = YES_AGGRESSIVE;
				GCC_WARN_UNUSED_FUNCTION = YES;
				GCC_WARN_UNUSED_VARIABLE = YES;
				IPHONEOS_DEPLOYMENT_TARGET = 11.0;
				MTL_ENABLE_DEBUG_INFO = NO;
				SDKROOT = iphoneos;
				SWIFT_OPTIMIZATION_LEVEL = "-Owholemodule";
				VALIDATE_PRODUCT = YES;
			};
			name = Release;
		};
		6373FA3D1F58A661006C20DD /* Debug */ = {
			isa = XCBuildConfiguration;
			buildSettings = {
				ASSETCATALOG_COMPILER_APPICON_NAME = AppIcon;
				CODE_SIGN_STYLE = Automatic;
				DEVELOPMENT_TEAM = W7W7V5B7Q6;
				FRAMEWORK_SEARCH_PATHS = (
					"$(inherited)",
					"$(PROJECT_DIR)/Assignments/Third-Parties",
					"$(PROJECT_DIR)/iOS",
					"$(PROJECT_DIR)",
				);
				INFOPLIST_FILE = Assignments/Info.plist;
				IPHONEOS_DEPLOYMENT_TARGET = 9.0;
				LD_RUNPATH_SEARCH_PATHS = "$(inherited) @executable_path/Frameworks";
				PRODUCT_BUNDLE_IDENTIFIER = cc.cwsoft.Assignment;
				PRODUCT_NAME = "$(TARGET_NAME)";
				SWIFT_VERSION = 4.0;
				TARGETED_DEVICE_FAMILY = 2;
			};
			name = Debug;
		};
		6373FA3E1F58A661006C20DD /* Release */ = {
			isa = XCBuildConfiguration;
			buildSettings = {
				ASSETCATALOG_COMPILER_APPICON_NAME = AppIcon;
				CODE_SIGN_STYLE = Automatic;
				DEVELOPMENT_TEAM = W7W7V5B7Q6;
				FRAMEWORK_SEARCH_PATHS = (
					"$(inherited)",
					"$(PROJECT_DIR)/Assignments/Third-Parties",
					"$(PROJECT_DIR)/iOS",
					"$(PROJECT_DIR)",
				);
				INFOPLIST_FILE = Assignments/Info.plist;
				IPHONEOS_DEPLOYMENT_TARGET = 9.0;
				LD_RUNPATH_SEARCH_PATHS = "$(inherited) @executable_path/Frameworks";
				PRODUCT_BUNDLE_IDENTIFIER = cc.cwsoft.Assignment;
				PRODUCT_NAME = "$(TARGET_NAME)";
				SWIFT_VERSION = 4.0;
				TARGETED_DEVICE_FAMILY = 2;
			};
			name = Release;
		};
		6373FA401F58A661006C20DD /* Debug */ = {
			isa = XCBuildConfiguration;
			buildSettings = {
				ALWAYS_EMBED_SWIFT_STANDARD_LIBRARIES = YES;
				BUNDLE_LOADER = "$(TEST_HOST)";
				CODE_SIGN_STYLE = Automatic;
				DEVELOPMENT_TEAM = FLLKWS94W7;
				INFOPLIST_FILE = AssignmentsTests/Info.plist;
				LD_RUNPATH_SEARCH_PATHS = "$(inherited) @executable_path/Frameworks @loader_path/Frameworks";
				PRODUCT_BUNDLE_IDENTIFIER = cc.cwsoft.AssignmentsTests;
				PRODUCT_NAME = "$(TARGET_NAME)";
				SWIFT_VERSION = 4.0;
				TARGETED_DEVICE_FAMILY = "1,2";
				TEST_HOST = "$(BUILT_PRODUCTS_DIR)/Assignments.app/Assignments";
			};
			name = Debug;
		};
		6373FA411F58A661006C20DD /* Release */ = {
			isa = XCBuildConfiguration;
			buildSettings = {
				ALWAYS_EMBED_SWIFT_STANDARD_LIBRARIES = YES;
				BUNDLE_LOADER = "$(TEST_HOST)";
				CODE_SIGN_STYLE = Automatic;
				DEVELOPMENT_TEAM = FLLKWS94W7;
				INFOPLIST_FILE = AssignmentsTests/Info.plist;
				LD_RUNPATH_SEARCH_PATHS = "$(inherited) @executable_path/Frameworks @loader_path/Frameworks";
				PRODUCT_BUNDLE_IDENTIFIER = cc.cwsoft.AssignmentsTests;
				PRODUCT_NAME = "$(TARGET_NAME)";
				SWIFT_VERSION = 4.0;
				TARGETED_DEVICE_FAMILY = "1,2";
				TEST_HOST = "$(BUILT_PRODUCTS_DIR)/Assignments.app/Assignments";
			};
			name = Release;
		};
		6373FA431F58A661006C20DD /* Debug */ = {
			isa = XCBuildConfiguration;
			buildSettings = {
				ALWAYS_EMBED_SWIFT_STANDARD_LIBRARIES = YES;
				CODE_SIGN_STYLE = Automatic;
				DEVELOPMENT_TEAM = FLLKWS94W7;
				INFOPLIST_FILE = AssignmentsUITests/Info.plist;
				LD_RUNPATH_SEARCH_PATHS = "$(inherited) @executable_path/Frameworks @loader_path/Frameworks";
				PRODUCT_BUNDLE_IDENTIFIER = cc.cwsoft.AssignmentsUITests;
				PRODUCT_NAME = "$(TARGET_NAME)";
				SWIFT_VERSION = 4.0;
				TARGETED_DEVICE_FAMILY = "1,2";
				TEST_TARGET_NAME = Assignments;
			};
			name = Debug;
		};
		6373FA441F58A661006C20DD /* Release */ = {
			isa = XCBuildConfiguration;
			buildSettings = {
				ALWAYS_EMBED_SWIFT_STANDARD_LIBRARIES = YES;
				CODE_SIGN_STYLE = Automatic;
				DEVELOPMENT_TEAM = FLLKWS94W7;
				INFOPLIST_FILE = AssignmentsUITests/Info.plist;
				LD_RUNPATH_SEARCH_PATHS = "$(inherited) @executable_path/Frameworks @loader_path/Frameworks";
				PRODUCT_BUNDLE_IDENTIFIER = cc.cwsoft.AssignmentsUITests;
				PRODUCT_NAME = "$(TARGET_NAME)";
				SWIFT_VERSION = 4.0;
				TARGETED_DEVICE_FAMILY = "1,2";
				TEST_TARGET_NAME = Assignments;
			};
			name = Release;
		};
/* End XCBuildConfiguration section */

/* Begin XCConfigurationList section */
		6373FA0D1F58A661006C20DD /* Build configuration list for PBXProject "Assignments" */ = {
			isa = XCConfigurationList;
			buildConfigurations = (
				6373FA3A1F58A661006C20DD /* Debug */,
				6373FA3B1F58A661006C20DD /* Release */,
			);
			defaultConfigurationIsVisible = 0;
			defaultConfigurationName = Release;
		};
		6373FA3C1F58A661006C20DD /* Build configuration list for PBXNativeTarget "Assignments" */ = {
			isa = XCConfigurationList;
			buildConfigurations = (
				6373FA3D1F58A661006C20DD /* Debug */,
				6373FA3E1F58A661006C20DD /* Release */,
			);
			defaultConfigurationIsVisible = 0;
			defaultConfigurationName = Release;
		};
		6373FA3F1F58A661006C20DD /* Build configuration list for PBXNativeTarget "AssignmentsTests" */ = {
			isa = XCConfigurationList;
			buildConfigurations = (
				6373FA401F58A661006C20DD /* Debug */,
				6373FA411F58A661006C20DD /* Release */,
			);
			defaultConfigurationIsVisible = 0;
			defaultConfigurationName = Release;
		};
		6373FA421F58A661006C20DD /* Build configuration list for PBXNativeTarget "AssignmentsUITests" */ = {
			isa = XCConfigurationList;
			buildConfigurations = (
				6373FA431F58A661006C20DD /* Debug */,
				6373FA441F58A661006C20DD /* Release */,
			);
			defaultConfigurationIsVisible = 0;
			defaultConfigurationName = Release;
		};
/* End XCConfigurationList section */
	};
	rootObject = 6373FA0A1F58A661006C20DD /* Project object */;
}
